// !$*UTF8*$!
{
	archiveVersion = 1;
	classes = {
	};
	objectVersion = 77;
	objects = {

/* Begin PBXBuildFile section */
		0056429A1E140FCE0D2811B6 /* AdjustStage.swift in Sources */ = {isa = PBXBuildFile; fileRef = D2D1A5DE99E9DCD69AFA2645 /* AdjustStage.swift */; };
		03900F480E5844053590B4D9 /* PresetStore.swift in Sources */ = {isa = PBXBuildFile; fileRef = 00484E681C5D813404917AE1 /* PresetStore.swift */; };
		043B4B1E28A11209B6EAB227 /* LUTStore.swift in Sources */ = {isa = PBXBuildFile; fileRef = DC94DF5ADB2CCC4413D10B50 /* LUTStore.swift */; };
		0508ECBB98D540DF7FAB024D /* PanePreview.swift in Sources */ = {isa = PBXBuildFile; fileRef = 651F67AFECCFCD3A324DBCB2 /* PanePreview.swift */; };
		068274E908F4592D7BF12D65 /* GazeStage.swift in Sources */ = {isa = PBXBuildFile; fileRef = D3C2F4AD2DBD23DF00FC2A8D /* GazeStage.swift */; };
		076097B2BFE642935323CC8E /* CoreFoundation.framework in Frameworks */ = {isa = PBXBuildFile; fileRef = 6B2B26D8A861BAEDB87E6A89 /* CoreFoundation.framework */; };
		07ABFE6A7063006C7970A2EF /* RingBuffer.c in Sources */ = {isa = PBXBuildFile; fileRef = AD5DCDAE59542E9A670A9B42 /* RingBuffer.c */; };
		08C24FBBBAE5D3DA73705BCD /* ExtensionInstaller.swift in Sources */ = {isa = PBXBuildFile; fileRef = 9EE248762C200152A2E3EA8D /* ExtensionInstaller.swift */; };
		0A893FFD977CA4DEEB56B059 /* EffectStage.swift in Sources */ = {isa = PBXBuildFile; fileRef = 78484AC653FD132ADA559CCF /* EffectStage.swift */; };
		0DE00ED3708320FFC581D0E9 /* MicCheckTests.swift in Sources */ = {isa = PBXBuildFile; fileRef = E037AEBD077D819B9AD10CA7 /* MicCheckTests.swift */; };
		0E8B3A768A67EA41396D9111 /* AppStateTypes.swift in Sources */ = {isa = PBXBuildFile; fileRef = 62AF43069E1F77F701394067 /* AppStateTypes.swift */; };
		13364E22BFAAB95ECA53493B /* StageSettings.swift in Sources */ = {isa = PBXBuildFile; fileRef = 6490B465289A45CBA9E2274F /* StageSettings.swift */; };
		14A2E9EC7D716A6049CCD5C1 /* VoiceChanger.swift in Sources */ = {isa = PBXBuildFile; fileRef = 20BFF280BEB1FB7E10563950 /* VoiceChanger.swift */; };
		14E4FA557BA7837E566BF73E /* RingBufferTests.swift in Sources */ = {isa = PBXBuildFile; fileRef = 6CD66F0B2FCC790E25042496 /* RingBufferTests.swift */; };
		16DA69013A83E5E11533E5AF /* GazeStage.swift in Sources */ = {isa = PBXBuildFile; fileRef = D3C2F4AD2DBD23DF00FC2A8D /* GazeStage.swift */; };
		177EFFF03CC605C85B0E9733 /* AppState.swift in Sources */ = {isa = PBXBuildFile; fileRef = EC236B6B716770D870EC4658 /* AppState.swift */; };
		1801A47FAF78BD611FF9E242 /* Assets.xcassets in Resources */ = {isa = PBXBuildFile; fileRef = DAB4360F8A3589624753D9D9 /* Assets.xcassets */; };
		18AC7C2C124ABFE9EED45B8D /* MainWindowController.swift in Sources */ = {isa = PBXBuildFile; fileRef = 9B43BCAF0730BAEB1EE9FB65 /* MainWindowController.swift */; };
		1BA7C44675ABE52D9EC7D65A /* Permissions.swift in Sources */ = {isa = PBXBuildFile; fileRef = 0B1C3A2AE4BA0EB6991632B0 /* Permissions.swift */; };
		1D0F26AE68A3D145AD21DEFF /* LUTStore.swift in Sources */ = {isa = PBXBuildFile; fileRef = DC94DF5ADB2CCC4413D10B50 /* LUTStore.swift */; };
		1DE05826648BAAE3ED9A052E /* LatencyMonitor.swift in Sources */ = {isa = PBXBuildFile; fileRef = E8CB82B65292DC6EEB8FA768 /* LatencyMonitor.swift */; };
		20967007B889C2EDB92DAE30 /* DiagnosticsPane.swift in Sources */ = {isa = PBXBuildFile; fileRef = 16E0921ED64EDEC2149CD377 /* DiagnosticsPane.swift */; };
		20997EACD697E8697C2E8552 /* PRISMCameraExtension.systemextension in Embed System Extensions */ = {isa = PBXBuildFile; fileRef = B41FF1780DF7FE42413B415B /* PRISMCameraExtension.systemextension */; settings = {ATTRIBUTES = (CodeSignOnCopy, RemoveHeadersOnCopy, ); }; };
		242FAFD6C52888FE1B69F1BC /* Adjust.metal in Sources */ = {isa = PBXBuildFile; fileRef = E8D1B82A692934B670FF6FE7 /* Adjust.metal */; };
		2465AF7274B0679860AD3040 /* GeometryStage.swift in Sources */ = {isa = PBXBuildFile; fileRef = F68B971871151DCA9C3F91D3 /* GeometryStage.swift */; };
		255197414D7FA80F0AABC3C8 /* StyleStage.swift in Sources */ = {isa = PBXBuildFile; fileRef = C411911100477FBD526E65A1 /* StyleStage.swift */; };
		28CF1B69970A6550074BEEF8 /* FrameRing.swift in Sources */ = {isa = PBXBuildFile; fileRef = 9E5FCEB7DD1501A57382CB83 /* FrameRing.swift */; };
		2A5EAD59198110ABF9B56BEC /* OutputFitStage.swift in Sources */ = {isa = PBXBuildFile; fileRef = C459B61B281B0164BF4BC1C9 /* OutputFitStage.swift */; };
		2AFEE60289749738AF678B3A /* EffectsSection.swift in Sources */ = {isa = PBXBuildFile; fileRef = D56DC5301882D68A1F0658AF /* EffectsSection.swift */; };
		2B5F7B93A47E255D80EB2C69 /* LatencyMeter.swift in Sources */ = {isa = PBXBuildFile; fileRef = 53514366F59C6ADAC3800705 /* LatencyMeter.swift */; };
		2BF729B8CC62923A505BE535 /* ReplayBuffer.swift in Sources */ = {isa = PBXBuildFile; fileRef = F1B6DDEB62CF87A54AA7D65B /* ReplayBuffer.swift */; };
		2F35626197549CAA9B220D70 /* VideoPipeline.swift in Sources */ = {isa = PBXBuildFile; fileRef = 1AEF33697F8E471A59D55333 /* VideoPipeline.swift */; };
		31045908DF67678E385D83D6 /* AutoFramerTests.swift in Sources */ = {isa = PBXBuildFile; fileRef = 665587966FF1DC8F9D0575C3 /* AutoFramerTests.swift */; };
		310FB4250DD21F3F4DB12908 /* StreamSource.swift in Sources */ = {isa = PBXBuildFile; fileRef = 8D88CE1466967F22224CD876 /* StreamSource.swift */; };
		3238E59DA23622B541B68411 /* ConnectionStage.swift in Sources */ = {isa = PBXBuildFile; fileRef = 687E298F56390E8081059AEC /* ConnectionStage.swift */; };
		32C1088F325B49BED39CA9B5 /* Style.metal in Sources */ = {isa = PBXBuildFile; fileRef = 653CEBD1EBFCFFFEBB493015 /* Style.metal */; };
		36C71C65851CC13A04CBEBC6 /* BlurStage.swift in Sources */ = {isa = PBXBuildFile; fileRef = 18AF5ECE4C7193418E1A8B65 /* BlurStage.swift */; };
		37E370C5E06E82CD08C2B12D /* Mono.cube in Resources */ = {isa = PBXBuildFile; fileRef = E6939C7C96B029684841510E /* Mono.cube */; };
		3890F0B30D39C888EBC0E08B /* DraftRenderer.swift in Sources */ = {isa = PBXBuildFile; fileRef = 6C53F2782DAEA73F7178BC47 /* DraftRenderer.swift */; };
		3A8D5BAF924702E627A68B62 /* LatencyMonitorTests.swift in Sources */ = {isa = PBXBuildFile; fileRef = 348E827CEB7C3F19DA35DCE0 /* LatencyMonitorTests.swift */; };
		3BD73EAD718894B80AFEAF22 /* Assets.xcassets in Resources */ = {isa = PBXBuildFile; fileRef = DAB4360F8A3589624753D9D9 /* Assets.xcassets */; };
		3EA59155815AC518C5CD9494 /* PRISM_PlugIn.cpp in Sources */ = {isa = PBXBuildFile; fileRef = 806ECFDAF5DCB6E821D99A90 /* PRISM_PlugIn.cpp */; };
		3EB8F26422EBEADB842D2B74 /* DeviceMonitor.swift in Sources */ = {isa = PBXBuildFile; fileRef = D74EF65BB5797627F0D9C525 /* DeviceMonitor.swift */; };
		3F15DBCDF98FDD4653CC37C5 /* PRISM_Device.cpp in Sources */ = {isa = PBXBuildFile; fileRef = 542C9CBC0D9EE3420CA6B496 /* PRISM_Device.cpp */; };
		403DEE349F399DC472252A25 /* FormatManager.swift in Sources */ = {isa = PBXBuildFile; fileRef = B1316A897BE17127EF6A8D0D /* FormatManager.swift */; };
		413AA75C4128C5C999F134C1 /* DeviceMonitor.swift in Sources */ = {isa = PBXBuildFile; fileRef = D74EF65BB5797627F0D9C525 /* DeviceMonitor.swift */; };
		41F54808F71A361B213B5895 /* CoreAudio.framework in Frameworks */ = {isa = PBXBuildFile; fileRef = 77115686AA2FCDA4D9AF6C38 /* CoreAudio.framework */; };
		43BDABED1115BCDACEB94282 /* MainWindowView.swift in Sources */ = {isa = PBXBuildFile; fileRef = 73270FD112F0C8B1BA82E0EB /* MainWindowView.swift */; };
		4519999DCDEE6DB795EA0D07 /* BackgroundStage.swift in Sources */ = {isa = PBXBuildFile; fileRef = A36434DB9634BBC1E28F94F5 /* BackgroundStage.swift */; };
		456570CE53198E0BB1156655 /* Cool.cube in Resources */ = {isa = PBXBuildFile; fileRef = F5CF86EF692111A7BC80FF9F /* Cool.cube */; };
		4586A148816F107CD05E4DEC /* PixelFormats.swift in Sources */ = {isa = PBXBuildFile; fileRef = 93070807D31FCC2579995DBC /* PixelFormats.swift */; };
		45B17D4FB593E69A1D14E951 /* PRISMApp.swift in Sources */ = {isa = PBXBuildFile; fileRef = BCF581196F074CC78EF6E49A /* PRISMApp.swift */; };
		45C1643D61F74834684CEDC4 /* PresetsPane.swift in Sources */ = {isa = PBXBuildFile; fileRef = 59DE48E698981ADCCC127856 /* PresetsPane.swift */; };
		48831D16987F5255F4410172 /* ReplayBufferTests.swift in Sources */ = {isa = PBXBuildFile; fileRef = 93DF453D1AD025F78107920C /* ReplayBufferTests.swift */; };
		4A5E07F2A02D934124EB27F8 /* PrismIntents.swift in Sources */ = {isa = PBXBuildFile; fileRef = ACCE17821E856C032F76204C /* PrismIntents.swift */; };
		4CDF21B240459C66D7D97EF0 /* EffectsPane.swift in Sources */ = {isa = PBXBuildFile; fileRef = F83B9E6AE227921AA633A2A1 /* EffectsPane.swift */; };
		4CFF7D54279FF9949E785AD6 /* FramingPane.swift in Sources */ = {isa = PBXBuildFile; fileRef = 985EBBD95DF6C83F13A30A4A /* FramingPane.swift */; };
		4D08DCAD2F2B9368687D0A78 /* AudioSink.swift in Sources */ = {isa = PBXBuildFile; fileRef = 367E6B83C5BE24FFC29A2B64 /* AudioSink.swift */; };
		4D753CE9B98FDE578B6D0C61 /* VoiceChanger.swift in Sources */ = {isa = PBXBuildFile; fileRef = 20BFF280BEB1FB7E10563950 /* VoiceChanger.swift */; };
		4ED2E4698E027A514789B68A /* ScenePane.swift in Sources */ = {isa = PBXBuildFile; fileRef = 0085374A06F1C7AECB0AB857 /* ScenePane.swift */; };
		4F1293E96B28CEFCAE1E605C /* PrismIntents.swift in Sources */ = {isa = PBXBuildFile; fileRef = ACCE17821E856C032F76204C /* PrismIntents.swift */; };
		502D140C63D4D7D1A40E900A /* ShortcutsPane.swift in Sources */ = {isa = PBXBuildFile; fileRef = 37C97A108180CF0A1DC18EBC /* ShortcutsPane.swift */; };
		532FA68CEF2F36887E34663C /* MomentsSection.swift in Sources */ = {isa = PBXBuildFile; fileRef = 12C343B3A84A51C036889902 /* MomentsSection.swift */; };
		53BF17FAEE2EC7393693EFAC /* OverlayStage.swift in Sources */ = {isa = PBXBuildFile; fileRef = 6CB075C6D6D34CA3BE2BB96D /* OverlayStage.swift */; };
		54002C1336EFDE2DB32F9737 /* FreezeStage.swift in Sources */ = {isa = PBXBuildFile; fileRef = 21CC8265134D3F7EFB19E105 /* FreezeStage.swift */; };
		544585BE3EBC4E5ECA644B38 /* ShortcutBindingTests.swift in Sources */ = {isa = PBXBuildFile; fileRef = D5894A3B20BEFBF515C553DE /* ShortcutBindingTests.swift */; };
		54E44B25CB9BD9BD11D44701 /* VoicePane.swift in Sources */ = {isa = PBXBuildFile; fileRef = 9B3BE1858AA5A3C3039D8326 /* VoicePane.swift */; };
		59F9A8725F21C41684B1CB56 /* Style.metal in Sources */ = {isa = PBXBuildFile; fileRef = 653CEBD1EBFCFFFEBB493015 /* Style.metal */; };
		5C97B671050CC38853C6AD2B /* KeyCodeNames.swift in Sources */ = {isa = PBXBuildFile; fileRef = D4E3FE71B3EE133216E984BD /* KeyCodeNames.swift */; };
		5D9A73586FFDB44A65D2C907 /* main.swift in Sources */ = {isa = PBXBuildFile; fileRef = 334E7F01542A708162B01D41 /* main.swift */; };
		5EA176B53CA3217907078A0E /* Layers.metal in Sources */ = {isa = PBXBuildFile; fileRef = CEA5572941CB1B51AFC54052 /* Layers.metal */; };
		5F3DB6929124FB6B6AFD1794 /* ClipStage.swift in Sources */ = {isa = PBXBuildFile; fileRef = 3B73B15856323C3240286438 /* ClipStage.swift */; };
		60100DB363BE2B15347F2770 /* SceneSection.swift in Sources */ = {isa = PBXBuildFile; fileRef = 0E4230754DD0CC06066B1699 /* SceneSection.swift */; };
		6177F63D41057A39E3026C18 /* VoiceSection.swift in Sources */ = {isa = PBXBuildFile; fileRef = C8A7B6CD75FF1E46A071E655 /* VoiceSection.swift */; };
		62432F3DB10485974FAC5235 /* MenuBarLayoutPane.swift in Sources */ = {isa = PBXBuildFile; fileRef = 95D50908EB1583324D4BF7B8 /* MenuBarLayoutPane.swift */; };
		6654C19B8CF13CB1211B93F0 /* DesignSystem.swift in Sources */ = {isa = PBXBuildFile; fileRef = E428DF4772A95B7DACD74F98 /* DesignSystem.swift */; };
		67F5BD244F0B193BB652C30F /* Film.cube in Resources */ = {isa = PBXBuildFile; fileRef = 52BC20A79E3805278E9CEDA5 /* Film.cube */; };
		68E826BECFBEC7E5D54FDB0F /* ClipStage.swift in Sources */ = {isa = PBXBuildFile; fileRef = 3B73B15856323C3240286438 /* ClipStage.swift */; };
		693BBDD9813D15E15CF0815F /* Warm.cube in Resources */ = {isa = PBXBuildFile; fileRef = DA068C6A1C7FBD48889FE190 /* Warm.cube */; };
		6AE16A57587040AAA7448F7E /* RingBuffer.c in Sources */ = {isa = PBXBuildFile; fileRef = AD5DCDAE59542E9A670A9B42 /* RingBuffer.c */; };
		6BA2522593C2C9245934D3D1 /* MomentsPane.swift in Sources */ = {isa = PBXBuildFile; fileRef = C57BF23686FD9A58028F79C8 /* MomentsPane.swift */; };
		6ED9044387C190CBDE7FEB6F /* BadConnectionTests.swift in Sources */ = {isa = PBXBuildFile; fileRef = 9BC207D78079C6331980E17D /* BadConnectionTests.swift */; };
		6F03BCFE7C91C21764C9ADDF /* ClipPlayer.swift in Sources */ = {isa = PBXBuildFile; fileRef = FA5B6F4E65AFE3DA58C25DAE /* ClipPlayer.swift */; };
		70CB806DE182923F7D92889E /* Film.cube in Resources */ = {isa = PBXBuildFile; fileRef = 52BC20A79E3805278E9CEDA5 /* Film.cube */; };
		72658A320EC1565F00C95EFE /* StudioSettings.swift in Sources */ = {isa = PBXBuildFile; fileRef = F1C7AE0F914D6DA76D2C9845 /* StudioSettings.swift */; };
		7285D9896068AEB7155529D3 /* Hotkeys.swift in Sources */ = {isa = PBXBuildFile; fileRef = 8ECBD2378C965EA3C4DE5B3E /* Hotkeys.swift */; };
		75CB5AD2CFD744950643E4F0 /* Blur.metal in Sources */ = {isa = PBXBuildFile; fileRef = 16D7CFDB5202A947C70C2542 /* Blur.metal */; };
		7828206F9B97B429A62B5BEF /* AudioCapture.swift in Sources */ = {isa = PBXBuildFile; fileRef = 430EC642B947703386BE6E7E /* AudioCapture.swift */; };
		7854AE0EF5145031F61E9B9F /* Geometry.metal in Sources */ = {isa = PBXBuildFile; fileRef = CB00F8324910C2B14928EE56 /* Geometry.metal */; };
		78B18C43618740971E693BCD /* KernelTests.swift in Sources */ = {isa = PBXBuildFile; fileRef = DE29DCB396A6FB8888F5B0A4 /* KernelTests.swift */; };
		7AF9E2444E5A6136F7BEC079 /* PopoverView.swift in Sources */ = {isa = PBXBuildFile; fileRef = 619B13203A28CA9E0927F0B2 /* PopoverView.swift */; };
		7B4564D754C892A061D2AC72 /* GazeStageTests.swift in Sources */ = {isa = PBXBuildFile; fileRef = CEF4CED9705F22BC22756360 /* GazeStageTests.swift */; };
		7C832E809F7ACF0AC9509A50 /* Neutral.cube in Resources */ = {isa = PBXBuildFile; fileRef = 23DF6FB0C9E81B3D1E58A0B2 /* Neutral.cube */; };
		7D53884422567455CE547C06 /* FormatManagerTests.swift in Sources */ = {isa = PBXBuildFile; fileRef = 79FF7AF601E55D37F66EB022 /* FormatManagerTests.swift */; };
		7E4916EC362ED8C80D34589B /* MetalContextTests.swift in Sources */ = {isa = PBXBuildFile; fileRef = CCAB6C1E746A1E9E944E4B38 /* MetalContextTests.swift */; };
		7E9FCD7C75549A643620A80C /* LoginItem.swift in Sources */ = {isa = PBXBuildFile; fileRef = 520983359A7294925FDB93C3 /* LoginItem.swift */; };
		7FD37A5D7718F5FAFECB9130 /* PixelFormats.swift in Sources */ = {isa = PBXBuildFile; fileRef = 93070807D31FCC2579995DBC /* PixelFormats.swift */; };
		80BD9B7E0604871C1C69F558 /* Gaze.metal in Sources */ = {isa = PBXBuildFile; fileRef = A20A229F46527A72C3480E58 /* Gaze.metal */; };
		81D506FAD718ACD521040B79 /* Permissions.swift in Sources */ = {isa = PBXBuildFile; fileRef = 0B1C3A2AE4BA0EB6991632B0 /* Permissions.swift */; };
		84019EEEF6A1F6055C281859 /* SessionLog.swift in Sources */ = {isa = PBXBuildFile; fileRef = FE3EDC7EDD2E108D228CB500 /* SessionLog.swift */; };
		875D06A0D885110E80C0E53F /* FreezeStage.swift in Sources */ = {isa = PBXBuildFile; fileRef = 21CC8265134D3F7EFB19E105 /* FreezeStage.swift */; };
		87E85ACF08D5F56243FC8E93 /* ConnectionStage.swift in Sources */ = {isa = PBXBuildFile; fileRef = 687E298F56390E8081059AEC /* ConnectionStage.swift */; };
		88A406B90AEDA715588C49BC /* Mono.cube in Resources */ = {isa = PBXBuildFile; fileRef = E6939C7C96B029684841510E /* Mono.cube */; };
		88B3B6F868E815F0D18B98F4 /* Cool.cube in Resources */ = {isa = PBXBuildFile; fileRef = F5CF86EF692111A7BC80FF9F /* Cool.cube */; };
		8ABE672138DF16F2160C62D4 /* MenuBarIcon.swift in Sources */ = {isa = PBXBuildFile; fileRef = 4A1EC4ED23C9BD0CCD087D71 /* MenuBarIcon.swift */; };
		8B31065501BDBE33FD9A3DD3 /* SettingsView.swift in Sources */ = {isa = PBXBuildFile; fileRef = 8949CE3186FBB24B552D6A6D /* SettingsView.swift */; };
		907E78395A000D9465917CDB /* AdjustStage.swift in Sources */ = {isa = PBXBuildFile; fileRef = D2D1A5DE99E9DCD69AFA2645 /* AdjustStage.swift */; };
		925278567290F9E725EED4B2 /* AudioSink.swift in Sources */ = {isa = PBXBuildFile; fileRef = 367E6B83C5BE24FFC29A2B64 /* AudioSink.swift */; };
		928CF2782BE2C4AAC6CDBC53 /* StudioSettingsTests.swift in Sources */ = {isa = PBXBuildFile; fileRef = 98BA26EAD66B6EC21B19D565 /* StudioSettingsTests.swift */; };
		9326B86685AC832D8F1E7919 /* StageSettings.swift in Sources */ = {isa = PBXBuildFile; fileRef = 6490B465289A45CBA9E2274F /* StageSettings.swift */; };
		938A5F43063CB5AE29968EE8 /* Gaze.metal in Sources */ = {isa = PBXBuildFile; fileRef = A20A229F46527A72C3480E58 /* Gaze.metal */; };
		943BBD6A76D2D5666589BE4D /* ShortcutAction.swift in Sources */ = {isa = PBXBuildFile; fileRef = 6DD513FBE9B0AACAB339C3CA /* ShortcutAction.swift */; };
		953AD29AE5455304C40C8366 /* BackgroundStage.swift in Sources */ = {isa = PBXBuildFile; fileRef = A36434DB9634BBC1E28F94F5 /* BackgroundStage.swift */; };
		95E8F5036531F2CC17E18CE5 /* LUTStoreTests.swift in Sources */ = {isa = PBXBuildFile; fileRef = E157BD293B9E7F816DA6241C /* LUTStoreTests.swift */; };
		96FDF3F167B0765679F67904 /* LUT.metal in Sources */ = {isa = PBXBuildFile; fileRef = 908D97B57D980B712327EB7B /* LUT.metal */; };
		98151E93FEA646A68F8A7E6B /* Neutral.cube in Resources */ = {isa = PBXBuildFile; fileRef = 23DF6FB0C9E81B3D1E58A0B2 /* Neutral.cube */; };
		98C5300CF1D74E012104DC5D /* DraftRenderer.swift in Sources */ = {isa = PBXBuildFile; fileRef = 6C53F2782DAEA73F7178BC47 /* DraftRenderer.swift */; };
		99588A2D24A17C96A4732D71 /* FoundationTypesTests.swift in Sources */ = {isa = PBXBuildFile; fileRef = 206F1E02763A36CBB7B00BFE /* FoundationTypesTests.swift */; };
		A107FE7E8A038882C0E9EC77 /* SessionLog.swift in Sources */ = {isa = PBXBuildFile; fileRef = FE3EDC7EDD2E108D228CB500 /* SessionLog.swift */; };
		A16D4A296E5187F05D485932 /* Hotkeys.swift in Sources */ = {isa = PBXBuildFile; fileRef = 8ECBD2378C965EA3C4DE5B3E /* Hotkeys.swift */; };
		A5052C1B0A939F46922F86EF /* CameraCapture.swift in Sources */ = {isa = PBXBuildFile; fileRef = A22C46F765CFA76387C26277 /* CameraCapture.swift */; };
		A51A2BAFD6ED9620C066569F /* FramingSection.swift in Sources */ = {isa = PBXBuildFile; fileRef = DB2A5CA765E6AAB38279FB40 /* FramingSection.swift */; };
		A614AE73585698BEB50D9DC4 /* MicCheck.swift in Sources */ = {isa = PBXBuildFile; fileRef = D3F3D7952AAB99D5AB7FC8D9 /* MicCheck.swift */; };
		A665E3E3A7A06ED1AE4431A4 /* ReplayStage.swift in Sources */ = {isa = PBXBuildFile; fileRef = 2F2D2D84A17A12C4AA5F0873 /* ReplayStage.swift */; };
		A89AC82673115677D48FBF84 /* GeometryStage.swift in Sources */ = {isa = PBXBuildFile; fileRef = F68B971871151DCA9C3F91D3 /* GeometryStage.swift */; };
		A9878DDCED22981BEB6BD3C7 /* ControlTile.swift in Sources */ = {isa = PBXBuildFile; fileRef = B344343652BB2DB9EB6E8CE1 /* ControlTile.swift */; };
		A9D6B20E92F28A74DD6E19BC /* ShortcutAction.swift in Sources */ = {isa = PBXBuildFile; fileRef = 6DD513FBE9B0AACAB339C3CA /* ShortcutAction.swift */; };
		ACDFF2564655D3097A21C900 /* Adjust.metal in Sources */ = {isa = PBXBuildFile; fileRef = E8D1B82A692934B670FF6FE7 /* Adjust.metal */; };
		AFBB8974CA658814542FFACA /* ExtensionInstaller.swift in Sources */ = {isa = PBXBuildFile; fileRef = 9EE248762C200152A2E3EA8D /* ExtensionInstaller.swift */; };
		B0CE2254D16CF7C34499FCEB /* PreviewView.swift in Sources */ = {isa = PBXBuildFile; fileRef = EAB8340AC048FB9FBABD347E /* PreviewView.swift */; };
		B0DDB9080FD62909F2C98D2A /* AutoFramer.swift in Sources */ = {isa = PBXBuildFile; fileRef = CA55D796CEDD2B65D7897F4B /* AutoFramer.swift */; };
		B15E0D28EBD150EEF0E9D748 /* OutputFitStage.swift in Sources */ = {isa = PBXBuildFile; fileRef = C459B61B281B0164BF4BC1C9 /* OutputFitStage.swift */; };
		B5FEAA6F6DBDB0F2B2879C92 /* BlurStage.swift in Sources */ = {isa = PBXBuildFile; fileRef = 18AF5ECE4C7193418E1A8B65 /* BlurStage.swift */; };
		B8C9B7A949651F70B9F9603E /* StyleStage.swift in Sources */ = {isa = PBXBuildFile; fileRef = C411911100477FBD526E65A1 /* StyleStage.swift */; };
		B8F948AE481A92DD942653B5 /* CameraCapture.swift in Sources */ = {isa = PBXBuildFile; fileRef = A22C46F765CFA76387C26277 /* CameraCapture.swift */; };
		BA1AA80930E0888DCB1516FC /* StudioSettings.swift in Sources */ = {isa = PBXBuildFile; fileRef = F1C7AE0F914D6DA76D2C9845 /* StudioSettings.swift */; };
		BAB9FD099963309479EE4809 /* VideoPipeline.swift in Sources */ = {isa = PBXBuildFile; fileRef = 1AEF33697F8E471A59D55333 /* VideoPipeline.swift */; };
		BABD2F2BAD9320FD8E4A13D2 /* ExtensionProvider.swift in Sources */ = {isa = PBXBuildFile; fileRef = 6A3CC15AE7381523F9118087 /* ExtensionProvider.swift */; };
		BB34570CB4BC16A19750B926 /* OnboardingView.swift in Sources */ = {isa = PBXBuildFile; fileRef = 4E0756772A7F36507B633C11 /* OnboardingView.swift */; };
		BB874307742987434C08B75C /* LagSwitchTests.swift in Sources */ = {isa = PBXBuildFile; fileRef = 12F1949F342D9034712EF641 /* LagSwitchTests.swift */; };
		BC4C31E12F7CECB787D530B9 /* Layers.metal in Sources */ = {isa = PBXBuildFile; fileRef = CEA5572941CB1B51AFC54052 /* Layers.metal */; };
		BCDF72069FFEF0E8FB8FABE6 /* PlaceholderRenderer.swift in Sources */ = {isa = PBXBuildFile; fileRef = AD229C9E3A81527D84843A1B /* PlaceholderRenderer.swift */; };
		BCEFA3727CF838AA2FBB8E62 /* FormatSection.swift in Sources */ = {isa = PBXBuildFile; fileRef = ED9EEE45DD9D6C7C1C7D098E /* FormatSection.swift */; };
		BE129B9E06E67A5276BB1FFE /* AppStateTypes.swift in Sources */ = {isa = PBXBuildFile; fileRef = 62AF43069E1F77F701394067 /* AppStateTypes.swift */; };
		BFC7E4F0F2D067D5D1D88866 /* CMIOSink.swift in Sources */ = {isa = PBXBuildFile; fileRef = 506FCB8C2DA0A828E99C782B /* CMIOSink.swift */; };
		BFD35162A74E6D792438F752 /* LoginItem.swift in Sources */ = {isa = PBXBuildFile; fileRef = 520983359A7294925FDB93C3 /* LoginItem.swift */; };
		C0C34F74ACD97CDB3877F092 /* Blur.metal in Sources */ = {isa = PBXBuildFile; fileRef = 16D7CFDB5202A947C70C2542 /* Blur.metal */; };
		C181F3F9951812EA568B0491 /* Warm.cube in Resources */ = {isa = PBXBuildFile; fileRef = DA068C6A1C7FBD48889FE190 /* Warm.cube */; };
		C1C3EFD86901077CA63CE5E0 /* StudioPane.swift in Sources */ = {isa = PBXBuildFile; fileRef = F2A10AB36C896FCE953C1226 /* StudioPane.swift */; };
		C2F6142D397DF59A093959B4 /* Geometry.metal in Sources */ = {isa = PBXBuildFile; fileRef = CB00F8324910C2B14928EE56 /* Geometry.metal */; };
		C5DA69A9EC6473A319A08D1F /* Composite.metal in Sources */ = {isa = PBXBuildFile; fileRef = 9AC6456E2FE242D16DD43349 /* Composite.metal */; };
		C6061D4C4DBE8BACD6EC2D01 /* ReplayPlayer.swift in Sources */ = {isa = PBXBuildFile; fileRef = 020F7D5FFB53F57E5B034B13 /* ReplayPlayer.swift */; };
		C678B23F7C7EC63113052A37 /* LatencyMonitor.swift in Sources */ = {isa = PBXBuildFile; fileRef = E8CB82B65292DC6EEB8FA768 /* LatencyMonitor.swift */; };
		C706B7516EEA141DCFEF2E73 /* ClipPlayer.swift in Sources */ = {isa = PBXBuildFile; fileRef = FA5B6F4E65AFE3DA58C25DAE /* ClipPlayer.swift */; };
		CA19233EFAC1135B368EF1C6 /* MicCheck.swift in Sources */ = {isa = PBXBuildFile; fileRef = D3F3D7952AAB99D5AB7FC8D9 /* MicCheck.swift */; };
		CD981F9B41E9F32141602550 /* PersonSegmenter.swift in Sources */ = {isa = PBXBuildFile; fileRef = DD4AB93D2C1D0234FCC225DF /* PersonSegmenter.swift */; };
		D15BA949D97211EBAA90FAED /* KeyCodeNames.swift in Sources */ = {isa = PBXBuildFile; fileRef = D4E3FE71B3EE133216E984BD /* KeyCodeNames.swift */; };
		D2D26CA51F144956D17050A2 /* PresetBar.swift in Sources */ = {isa = PBXBuildFile; fileRef = CE972D19DB5CED77AC4B88C2 /* PresetBar.swift */; };
		D44593EDB4E4B7DBB20B380B /* SceneCompositingTests.swift in Sources */ = {isa = PBXBuildFile; fileRef = 954600C921AC4A39BF54C986 /* SceneCompositingTests.swift */; };
		D66E1CCCCC04289DCE65F4E0 /* AudioCapture.swift in Sources */ = {isa = PBXBuildFile; fileRef = 430EC642B947703386BE6E7E /* AudioCapture.swift */; };
		DA050785FF6504B8FBDBF7FA /* FormatManager.swift in Sources */ = {isa = PBXBuildFile; fileRef = B1316A897BE17127EF6A8D0D /* FormatManager.swift */; };
		DADDF8EA7E58F34952A6B255 /* PRISM_Stream.cpp in Sources */ = {isa = PBXBuildFile; fileRef = FAC96E07ED0AA27A32471B7F /* PRISM_Stream.cpp */; };
		DDC586CE3D0F9F70152C9CB4 /* PresetStore.swift in Sources */ = {isa = PBXBuildFile; fileRef = 00484E681C5D813404917AE1 /* PresetStore.swift */; };
		DEEF887FBD35EB616B14E4FB /* ClientNameTests.swift in Sources */ = {isa = PBXBuildFile; fileRef = 4C154757DBE0811782C08AA8 /* ClientNameTests.swift */; };
		E0A98961F921264DF4B6AEE5 /* CMIOSink.swift in Sources */ = {isa = PBXBuildFile; fileRef = 506FCB8C2DA0A828E99C782B /* CMIOSink.swift */; };
		E2A708FAD2A9249688FFBB93 /* LUTStage.swift in Sources */ = {isa = PBXBuildFile; fileRef = 12068898E3D79E293BC12ADD /* LUTStage.swift */; };
		E374507CA8CE26B7BA539C24 /* RingBuffer.c in Sources */ = {isa = PBXBuildFile; fileRef = AD5DCDAE59542E9A670A9B42 /* RingBuffer.c */; };
		E3B751C9E235135645C18EFF /* GeometryMathTests.swift in Sources */ = {isa = PBXBuildFile; fileRef = C9FFE81443EA611E13E70543 /* GeometryMathTests.swift */; };
		E6AB61E973F3E879AF4D54A7 /* FrameRing.swift in Sources */ = {isa = PBXBuildFile; fileRef = 9E5FCEB7DD1501A57382CB83 /* FrameRing.swift */; };
		E89124469D1FE6A190031339 /* AutoFramer.swift in Sources */ = {isa = PBXBuildFile; fileRef = CA55D796CEDD2B65D7897F4B /* AutoFramer.swift */; };
		E9B1102B99134C83AF9C22D8 /* LayerSource.swift in Sources */ = {isa = PBXBuildFile; fileRef = D4452DC5051EF36B908AE0B7 /* LayerSource.swift */; };
		EBB6B5029058B6A7ACA5E6C7 /* FormatPane.swift in Sources */ = {isa = PBXBuildFile; fileRef = 3C02463C50F08564384E6C5B /* FormatPane.swift */; };
		EC80BEB18BAB4D3346AA4CDE /* SessionLogTests.swift in Sources */ = {isa = PBXBuildFile; fileRef = 4959BBA2971F6C3868487587 /* SessionLogTests.swift */; };
		EE1536EEB314E9601D66FE2B /* ReplayBuffer.swift in Sources */ = {isa = PBXBuildFile; fileRef = F1B6DDEB62CF87A54AA7D65B /* ReplayBuffer.swift */; };
		EE3D14EDD461D9D0C6B6B0B1 /* StyleStageTests.swift in Sources */ = {isa = PBXBuildFile; fileRef = 754E4EA0C4D0FF850AFBBF7A /* StyleStageTests.swift */; };
		F020BF850FBAC9D7E5D51313 /* VoiceChangerTests.swift in Sources */ = {isa = PBXBuildFile; fileRef = 95E80A38A5B1749286A63B47 /* VoiceChangerTests.swift */; };
		F12E06180D3B45A450096772 /* Composite.metal in Sources */ = {isa = PBXBuildFile; fileRef = 9AC6456E2FE242D16DD43349 /* Composite.metal */; };
		F2D874DB12C8DB1D00FAF3D9 /* OverlayStage.swift in Sources */ = {isa = PBXBuildFile; fileRef = 6CB075C6D6D34CA3BE2BB96D /* OverlayStage.swift */; };
		F5A5381BE6CFDF4D148084D8 /* LUTStage.swift in Sources */ = {isa = PBXBuildFile; fileRef = 12068898E3D79E293BC12ADD /* LUTStage.swift */; };
		F756830956D37714288553B7 /* AppState.swift in Sources */ = {isa = PBXBuildFile; fileRef = EC236B6B716770D870EC4658 /* AppState.swift */; };
		FADF2B49411B5945AAAA3754 /* PersonSegmenter.swift in Sources */ = {isa = PBXBuildFile; fileRef = DD4AB93D2C1D0234FCC225DF /* PersonSegmenter.swift */; };
		FB094D09ABCF19D3DF99788F /* DeviceSource.swift in Sources */ = {isa = PBXBuildFile; fileRef = 13032872A117E6CB8B3E2A1D /* DeviceSource.swift */; };
		FB6455BB81B2A1051B00A28C /* LayerSource.swift in Sources */ = {isa = PBXBuildFile; fileRef = D4452DC5051EF36B908AE0B7 /* LayerSource.swift */; };
		FCC2A27E20E47EE9906C13FB /* ReplayPlayer.swift in Sources */ = {isa = PBXBuildFile; fileRef = 020F7D5FFB53F57E5B034B13 /* ReplayPlayer.swift */; };
		FCE70C5F01DC89688905D276 /* HotkeyRecorder.swift in Sources */ = {isa = PBXBuildFile; fileRef = 10435416A8A287351140C45E /* HotkeyRecorder.swift */; };
		FD73E8756AA915964B6ED29E /* ReplayStage.swift in Sources */ = {isa = PBXBuildFile; fileRef = 2F2D2D84A17A12C4AA5F0873 /* ReplayStage.swift */; };
		FD847B0464A22CADD6A51A2F /* EffectStage.swift in Sources */ = {isa = PBXBuildFile; fileRef = 78484AC653FD132ADA559CCF /* EffectStage.swift */; };
		FE8C1EECF3E2CC9D43D55A13 /* LUT.metal in Sources */ = {isa = PBXBuildFile; fileRef = 908D97B57D980B712327EB7B /* LUT.metal */; };
		FFB4D76DE8FD8C48DA850CEF /* PresetStoreTests.swift in Sources */ = {isa = PBXBuildFile; fileRef = A4189198EA5B988CFF03C050 /* PresetStoreTests.swift */; };
/* End PBXBuildFile section */

/* Begin PBXContainerItemProxy section */
		33E7B0E5BDBDBC6E88FC06F3 /* PBXContainerItemProxy */ = {
			isa = PBXContainerItemProxy;
			containerPortal = 9437BA67D8E1EE3458871BC8 /* Project object */;
			proxyType = 1;
			remoteGlobalIDString = FF1130B3B3148396DB9E3D68;
			remoteInfo = PRISMCameraExtension;
		};
/* End PBXContainerItemProxy section */

/* Begin PBXCopyFilesBuildPhase section */
		04E1BD163FEFA830D515F0BF /* Embed System Extensions */ = {
			isa = PBXCopyFilesBuildPhase;
			buildActionMask = 2147483647;
			dstPath = "$(SYSTEM_EXTENSIONS_FOLDER_PATH)";
			dstSubfolderSpec = 16;
			files = (
				20997EACD697E8697C2E8552 /* PRISMCameraExtension.systemextension in Embed System Extensions */,
			);
			name = "Embed System Extensions";
			runOnlyForDeploymentPostprocessing = 0;
		};
/* End PBXCopyFilesBuildPhase section */

/* Begin PBXFileReference section */
		00484E681C5D813404917AE1 /* PresetStore.swift */ = {isa = PBXFileReference; lastKnownFileType = sourcecode.swift; path = PresetStore.swift; sourceTree = "<group>"; };
		0085374A06F1C7AECB0AB857 /* ScenePane.swift */ = {isa = PBXFileReference; lastKnownFileType = sourcecode.swift; path = ScenePane.swift; sourceTree = "<group>"; };
		020F7D5FFB53F57E5B034B13 /* ReplayPlayer.swift */ = {isa = PBXFileReference; lastKnownFileType = sourcecode.swift; path = ReplayPlayer.swift; sourceTree = "<group>"; };
		0B1C3A2AE4BA0EB6991632B0 /* Permissions.swift */ = {isa = PBXFileReference; lastKnownFileType = sourcecode.swift; path = Permissions.swift; sourceTree = "<group>"; };
		0E4230754DD0CC06066B1699 /* SceneSection.swift */ = {isa = PBXFileReference; lastKnownFileType = sourcecode.swift; path = SceneSection.swift; sourceTree = "<group>"; };
		10435416A8A287351140C45E /* HotkeyRecorder.swift */ = {isa = PBXFileReference; lastKnownFileType = sourcecode.swift; path = HotkeyRecorder.swift; sourceTree = "<group>"; };
		12068898E3D79E293BC12ADD /* LUTStage.swift */ = {isa = PBXFileReference; lastKnownFileType = sourcecode.swift; path = LUTStage.swift; sourceTree = "<group>"; };
		12C343B3A84A51C036889902 /* MomentsSection.swift */ = {isa = PBXFileReference; lastKnownFileType = sourcecode.swift; path = MomentsSection.swift; sourceTree = "<group>"; };
		12F1949F342D9034712EF641 /* LagSwitchTests.swift */ = {isa = PBXFileReference; lastKnownFileType = sourcecode.swift; path = LagSwitchTests.swift; sourceTree = "<group>"; };
		13032872A117E6CB8B3E2A1D /* DeviceSource.swift */ = {isa = PBXFileReference; lastKnownFileType = sourcecode.swift; path = DeviceSource.swift; sourceTree = "<group>"; };
		16D7CFDB5202A947C70C2542 /* Blur.metal */ = {isa = PBXFileReference; lastKnownFileType = sourcecode.metal; path = Blur.metal; sourceTree = "<group>"; };
		16E0921ED64EDEC2149CD377 /* DiagnosticsPane.swift */ = {isa = PBXFileReference; lastKnownFileType = sourcecode.swift; path = DiagnosticsPane.swift; sourceTree = "<group>"; };
		18AF5ECE4C7193418E1A8B65 /* BlurStage.swift */ = {isa = PBXFileReference; lastKnownFileType = sourcecode.swift; path = BlurStage.swift; sourceTree = "<group>"; };
		1AEF33697F8E471A59D55333 /* VideoPipeline.swift */ = {isa = PBXFileReference; lastKnownFileType = sourcecode.swift; path = VideoPipeline.swift; sourceTree = "<group>"; };
		206F1E02763A36CBB7B00BFE /* FoundationTypesTests.swift */ = {isa = PBXFileReference; lastKnownFileType = sourcecode.swift; path = FoundationTypesTests.swift; sourceTree = "<group>"; };
		20BFF280BEB1FB7E10563950 /* VoiceChanger.swift */ = {isa = PBXFileReference; lastKnownFileType = sourcecode.swift; path = VoiceChanger.swift; sourceTree = "<group>"; };
		21CC8265134D3F7EFB19E105 /* FreezeStage.swift */ = {isa = PBXFileReference; lastKnownFileType = sourcecode.swift; path = FreezeStage.swift; sourceTree = "<group>"; };
		23DF6FB0C9E81B3D1E58A0B2 /* Neutral.cube */ = {isa = PBXFileReference; path = Neutral.cube; sourceTree = "<group>"; };
		2435E0B8D2F51C5BA54E2363 /* PRISM_PlugIn.h */ = {isa = PBXFileReference; lastKnownFileType = sourcecode.c.h; path = PRISM_PlugIn.h; sourceTree = "<group>"; };
		2C3E91CDAD0F5859F1D113C2 /* PRISM.entitlements */ = {isa = PBXFileReference; lastKnownFileType = text.plist.entitlements; path = PRISM.entitlements; sourceTree = "<group>"; };
		2F2D2D84A17A12C4AA5F0873 /* ReplayStage.swift */ = {isa = PBXFileReference; lastKnownFileType = sourcecode.swift; path = ReplayStage.swift; sourceTree = "<group>"; };
		334E7F01542A708162B01D41 /* main.swift */ = {isa = PBXFileReference; lastKnownFileType = sourcecode.swift; path = main.swift; sourceTree = "<group>"; };
		346FB9016E5C3A25396B2F61 /* PRISMCameraExtension.entitlements */ = {isa = PBXFileReference; lastKnownFileType = text.plist.entitlements; path = PRISMCameraExtension.entitlements; sourceTree = "<group>"; };
		3470A96AFDE1B23E68BD8EDD /* PRISMAudioPlugIn.bundle */ = {isa = PBXFileReference; explicitFileType = wrapper.cfbundle; includeInIndex = 0; path = PRISMAudioPlugIn.bundle; sourceTree = BUILT_PRODUCTS_DIR; };
		348E827CEB7C3F19DA35DCE0 /* LatencyMonitorTests.swift */ = {isa = PBXFileReference; lastKnownFileType = sourcecode.swift; path = LatencyMonitorTests.swift; sourceTree = "<group>"; };
		367E6B83C5BE24FFC29A2B64 /* AudioSink.swift */ = {isa = PBXFileReference; lastKnownFileType = sourcecode.swift; path = AudioSink.swift; sourceTree = "<group>"; };
		37C97A108180CF0A1DC18EBC /* ShortcutsPane.swift */ = {isa = PBXFileReference; lastKnownFileType = sourcecode.swift; path = ShortcutsPane.swift; sourceTree = "<group>"; };
		3B73B15856323C3240286438 /* ClipStage.swift */ = {isa = PBXFileReference; lastKnownFileType = sourcecode.swift; path = ClipStage.swift; sourceTree = "<group>"; };
		3C02463C50F08564384E6C5B /* FormatPane.swift */ = {isa = PBXFileReference; lastKnownFileType = sourcecode.swift; path = FormatPane.swift; sourceTree = "<group>"; };
		40C9473F2BB99D911EBAFFCB /* RingBuffer.h */ = {isa = PBXFileReference; lastKnownFileType = sourcecode.c.h; path = RingBuffer.h; sourceTree = "<group>"; };
		430EC642B947703386BE6E7E /* AudioCapture.swift */ = {isa = PBXFileReference; lastKnownFileType = sourcecode.swift; path = AudioCapture.swift; sourceTree = "<group>"; };
		4959BBA2971F6C3868487587 /* SessionLogTests.swift */ = {isa = PBXFileReference; lastKnownFileType = sourcecode.swift; path = SessionLogTests.swift; sourceTree = "<group>"; };
		4A1EC4ED23C9BD0CCD087D71 /* MenuBarIcon.swift */ = {isa = PBXFileReference; lastKnownFileType = sourcecode.swift; path = MenuBarIcon.swift; sourceTree = "<group>"; };
		4AD9E7D3A3FB939110C3FEF7 /* PRISM.app */ = {isa = PBXFileReference; explicitFileType = wrapper.application; includeInIndex = 0; path = PRISM.app; sourceTree = BUILT_PRODUCTS_DIR; };
		4C154757DBE0811782C08AA8 /* ClientNameTests.swift */ = {isa = PBXFileReference; lastKnownFileType = sourcecode.swift; path = ClientNameTests.swift; sourceTree = "<group>"; };
		4E0756772A7F36507B633C11 /* OnboardingView.swift */ = {isa = PBXFileReference; lastKnownFileType = sourcecode.swift; path = OnboardingView.swift; sourceTree = "<group>"; };
		506FCB8C2DA0A828E99C782B /* CMIOSink.swift */ = {isa = PBXFileReference; lastKnownFileType = sourcecode.swift; path = CMIOSink.swift; sourceTree = "<group>"; };
		520983359A7294925FDB93C3 /* LoginItem.swift */ = {isa = PBXFileReference; lastKnownFileType = sourcecode.swift; path = LoginItem.swift; sourceTree = "<group>"; };
		52BC20A79E3805278E9CEDA5 /* Film.cube */ = {isa = PBXFileReference; path = Film.cube; sourceTree = "<group>"; };
		53514366F59C6ADAC3800705 /* LatencyMeter.swift */ = {isa = PBXFileReference; lastKnownFileType = sourcecode.swift; path = LatencyMeter.swift; sourceTree = "<group>"; };
		542C9CBC0D9EE3420CA6B496 /* PRISM_Device.cpp */ = {isa = PBXFileReference; lastKnownFileType = sourcecode.cpp.cpp; path = PRISM_Device.cpp; sourceTree = "<group>"; };
		59DE48E698981ADCCC127856 /* PresetsPane.swift */ = {isa = PBXFileReference; lastKnownFileType = sourcecode.swift; path = PresetsPane.swift; sourceTree = "<group>"; };
		619B13203A28CA9E0927F0B2 /* PopoverView.swift */ = {isa = PBXFileReference; lastKnownFileType = sourcecode.swift; path = PopoverView.swift; sourceTree = "<group>"; };
		62AF43069E1F77F701394067 /* AppStateTypes.swift */ = {isa = PBXFileReference; lastKnownFileType = sourcecode.swift; path = AppStateTypes.swift; sourceTree = "<group>"; };
		6490B465289A45CBA9E2274F /* StageSettings.swift */ = {isa = PBXFileReference; lastKnownFileType = sourcecode.swift; path = StageSettings.swift; sourceTree = "<group>"; };
		651F67AFECCFCD3A324DBCB2 /* PanePreview.swift */ = {isa = PBXFileReference; lastKnownFileType = sourcecode.swift; path = PanePreview.swift; sourceTree = "<group>"; };
		653CEBD1EBFCFFFEBB493015 /* Style.metal */ = {isa = PBXFileReference; lastKnownFileType = sourcecode.metal; path = Style.metal; sourceTree = "<group>"; };
		665587966FF1DC8F9D0575C3 /* AutoFramerTests.swift */ = {isa = PBXFileReference; lastKnownFileType = sourcecode.swift; path = AutoFramerTests.swift; sourceTree = "<group>"; };
		687E298F56390E8081059AEC /* ConnectionStage.swift */ = {isa = PBXFileReference; lastKnownFileType = sourcecode.swift; path = ConnectionStage.swift; sourceTree = "<group>"; };
		6A3CC15AE7381523F9118087 /* ExtensionProvider.swift */ = {isa = PBXFileReference; lastKnownFileType = sourcecode.swift; path = ExtensionProvider.swift; sourceTree = "<group>"; };
		6B2B26D8A861BAEDB87E6A89 /* CoreFoundation.framework */ = {isa = PBXFileReference; lastKnownFileType = wrapper.framework; name = CoreFoundation.framework; path = System/Library/Frameworks/CoreFoundation.framework; sourceTree = SDKROOT; };
		6C53F2782DAEA73F7178BC47 /* DraftRenderer.swift */ = {isa = PBXFileReference; lastKnownFileType = sourcecode.swift; path = DraftRenderer.swift; sourceTree = "<group>"; };
		6CB075C6D6D34CA3BE2BB96D /* OverlayStage.swift */ = {isa = PBXFileReference; lastKnownFileType = sourcecode.swift; path = OverlayStage.swift; sourceTree = "<group>"; };
		6CD66F0B2FCC790E25042496 /* RingBufferTests.swift */ = {isa = PBXFileReference; lastKnownFileType = sourcecode.swift; path = RingBufferTests.swift; sourceTree = "<group>"; };
		6DD513FBE9B0AACAB339C3CA /* ShortcutAction.swift */ = {isa = PBXFileReference; lastKnownFileType = sourcecode.swift; path = ShortcutAction.swift; sourceTree = "<group>"; };
		73270FD112F0C8B1BA82E0EB /* MainWindowView.swift */ = {isa = PBXFileReference; lastKnownFileType = sourcecode.swift; path = MainWindowView.swift; sourceTree = "<group>"; };
		754E4EA0C4D0FF850AFBBF7A /* StyleStageTests.swift */ = {isa = PBXFileReference; lastKnownFileType = sourcecode.swift; path = StyleStageTests.swift; sourceTree = "<group>"; };
		77115686AA2FCDA4D9AF6C38 /* CoreAudio.framework */ = {isa = PBXFileReference; lastKnownFileType = wrapper.framework; name = CoreAudio.framework; path = System/Library/Frameworks/CoreAudio.framework; sourceTree = SDKROOT; };
		78484AC653FD132ADA559CCF /* EffectStage.swift */ = {isa = PBXFileReference; lastKnownFileType = sourcecode.swift; path = EffectStage.swift; sourceTree = "<group>"; };
		79FF7AF601E55D37F66EB022 /* FormatManagerTests.swift */ = {isa = PBXFileReference; lastKnownFileType = sourcecode.swift; path = FormatManagerTests.swift; sourceTree = "<group>"; };
		7B74DAA8A91D305E3F58BF08 /* PRISM-Bridging-Header.h */ = {isa = PBXFileReference; lastKnownFileType = sourcecode.c.h; path = "PRISM-Bridging-Header.h"; sourceTree = "<group>"; };
		806ECFDAF5DCB6E821D99A90 /* PRISM_PlugIn.cpp */ = {isa = PBXFileReference; lastKnownFileType = sourcecode.cpp.cpp; path = PRISM_PlugIn.cpp; sourceTree = "<group>"; };
		82EB8843D6C69232F2EB1E08 /* SharedTypes.h */ = {isa = PBXFileReference; lastKnownFileType = sourcecode.c.h; path = SharedTypes.h; sourceTree = "<group>"; };
		8949CE3186FBB24B552D6A6D /* SettingsView.swift */ = {isa = PBXFileReference; lastKnownFileType = sourcecode.swift; path = SettingsView.swift; sourceTree = "<group>"; };
		8D88CE1466967F22224CD876 /* StreamSource.swift */ = {isa = PBXFileReference; lastKnownFileType = sourcecode.swift; path = StreamSource.swift; sourceTree = "<group>"; };
		8ECBD2378C965EA3C4DE5B3E /* Hotkeys.swift */ = {isa = PBXFileReference; lastKnownFileType = sourcecode.swift; path = Hotkeys.swift; sourceTree = "<group>"; };
		908D97B57D980B712327EB7B /* LUT.metal */ = {isa = PBXFileReference; lastKnownFileType = sourcecode.metal; path = LUT.metal; sourceTree = "<group>"; };
		93070807D31FCC2579995DBC /* PixelFormats.swift */ = {isa = PBXFileReference; lastKnownFileType = sourcecode.swift; path = PixelFormats.swift; sourceTree = "<group>"; };
		93DF453D1AD025F78107920C /* ReplayBufferTests.swift */ = {isa = PBXFileReference; lastKnownFileType = sourcecode.swift; path = ReplayBufferTests.swift; sourceTree = "<group>"; };
		954600C921AC4A39BF54C986 /* SceneCompositingTests.swift */ = {isa = PBXFileReference; lastKnownFileType = sourcecode.swift; path = SceneCompositingTests.swift; sourceTree = "<group>"; };
		95D50908EB1583324D4BF7B8 /* MenuBarLayoutPane.swift */ = {isa = PBXFileReference; lastKnownFileType = sourcecode.swift; path = MenuBarLayoutPane.swift; sourceTree = "<group>"; };
		95E80A38A5B1749286A63B47 /* VoiceChangerTests.swift */ = {isa = PBXFileReference; lastKnownFileType = sourcecode.swift; path = VoiceChangerTests.swift; sourceTree = "<group>"; };
		985EBBD95DF6C83F13A30A4A /* FramingPane.swift */ = {isa = PBXFileReference; lastKnownFileType = sourcecode.swift; path = FramingPane.swift; sourceTree = "<group>"; };
		98BA26EAD66B6EC21B19D565 /* StudioSettingsTests.swift */ = {isa = PBXFileReference; lastKnownFileType = sourcecode.swift; path = StudioSettingsTests.swift; sourceTree = "<group>"; };
		9AC6456E2FE242D16DD43349 /* Composite.metal */ = {isa = PBXFileReference; lastKnownFileType = sourcecode.metal; path = Composite.metal; sourceTree = "<group>"; };
		9B3BE1858AA5A3C3039D8326 /* VoicePane.swift */ = {isa = PBXFileReference; lastKnownFileType = sourcecode.swift; path = VoicePane.swift; sourceTree = "<group>"; };
		9B43BCAF0730BAEB1EE9FB65 /* MainWindowController.swift */ = {isa = PBXFileReference; lastKnownFileType = sourcecode.swift; path = MainWindowController.swift; sourceTree = "<group>"; };
		9BC207D78079C6331980E17D /* BadConnectionTests.swift */ = {isa = PBXFileReference; lastKnownFileType = sourcecode.swift; path = BadConnectionTests.swift; sourceTree = "<group>"; };
		9E5FCEB7DD1501A57382CB83 /* FrameRing.swift */ = {isa = PBXFileReference; lastKnownFileType = sourcecode.swift; path = FrameRing.swift; sourceTree = "<group>"; };
		9EE248762C200152A2E3EA8D /* ExtensionInstaller.swift */ = {isa = PBXFileReference; lastKnownFileType = sourcecode.swift; path = ExtensionInstaller.swift; sourceTree = "<group>"; };
		A20A229F46527A72C3480E58 /* Gaze.metal */ = {isa = PBXFileReference; lastKnownFileType = sourcecode.metal; path = Gaze.metal; sourceTree = "<group>"; };
		A22C46F765CFA76387C26277 /* CameraCapture.swift */ = {isa = PBXFileReference; lastKnownFileType = sourcecode.swift; path = CameraCapture.swift; sourceTree = "<group>"; };
		A36434DB9634BBC1E28F94F5 /* BackgroundStage.swift */ = {isa = PBXFileReference; lastKnownFileType = sourcecode.swift; path = BackgroundStage.swift; sourceTree = "<group>"; };
		A4189198EA5B988CFF03C050 /* PresetStoreTests.swift */ = {isa = PBXFileReference; lastKnownFileType = sourcecode.swift; path = PresetStoreTests.swift; sourceTree = "<group>"; };
		ACCE17821E856C032F76204C /* PrismIntents.swift */ = {isa = PBXFileReference; lastKnownFileType = sourcecode.swift; path = PrismIntents.swift; sourceTree = "<group>"; };
		AD229C9E3A81527D84843A1B /* PlaceholderRenderer.swift */ = {isa = PBXFileReference; lastKnownFileType = sourcecode.swift; path = PlaceholderRenderer.swift; sourceTree = "<group>"; };
		AD5DCDAE59542E9A670A9B42 /* RingBuffer.c */ = {isa = PBXFileReference; lastKnownFileType = sourcecode.c.c; path = RingBuffer.c; sourceTree = "<group>"; };
		B1316A897BE17127EF6A8D0D /* FormatManager.swift */ = {isa = PBXFileReference; lastKnownFileType = sourcecode.swift; path = FormatManager.swift; sourceTree = "<group>"; };
		B344343652BB2DB9EB6E8CE1 /* ControlTile.swift */ = {isa = PBXFileReference; lastKnownFileType = sourcecode.swift; path = ControlTile.swift; sourceTree = "<group>"; };
		B41FF1780DF7FE42413B415B /* PRISMCameraExtension.systemextension */ = {isa = PBXFileReference; explicitFileType = "wrapper.system-extension"; includeInIndex = 0; path = PRISMCameraExtension.systemextension; sourceTree = BUILT_PRODUCTS_DIR; };
		BCF581196F074CC78EF6E49A /* PRISMApp.swift */ = {isa = PBXFileReference; lastKnownFileType = sourcecode.swift; path = PRISMApp.swift; sourceTree = "<group>"; };
		C411911100477FBD526E65A1 /* StyleStage.swift */ = {isa = PBXFileReference; lastKnownFileType = sourcecode.swift; path = StyleStage.swift; sourceTree = "<group>"; };
		C459B61B281B0164BF4BC1C9 /* OutputFitStage.swift */ = {isa = PBXFileReference; lastKnownFileType = sourcecode.swift; path = OutputFitStage.swift; sourceTree = "<group>"; };
		C57BF23686FD9A58028F79C8 /* MomentsPane.swift */ = {isa = PBXFileReference; lastKnownFileType = sourcecode.swift; path = MomentsPane.swift; sourceTree = "<group>"; };
		C8A7B6CD75FF1E46A071E655 /* VoiceSection.swift */ = {isa = PBXFileReference; lastKnownFileType = sourcecode.swift; path = VoiceSection.swift; sourceTree = "<group>"; };
		C9FFE81443EA611E13E70543 /* GeometryMathTests.swift */ = {isa = PBXFileReference; lastKnownFileType = sourcecode.swift; path = GeometryMathTests.swift; sourceTree = "<group>"; };
		CA55D796CEDD2B65D7897F4B /* AutoFramer.swift */ = {isa = PBXFileReference; lastKnownFileType = sourcecode.swift; path = AutoFramer.swift; sourceTree = "<group>"; };
		CB00F8324910C2B14928EE56 /* Geometry.metal */ = {isa = PBXFileReference; lastKnownFileType = sourcecode.metal; path = Geometry.metal; sourceTree = "<group>"; };
		CB06D752C43A04CAC6777FDB /* PRISM-Local.entitlements */ = {isa = PBXFileReference; lastKnownFileType = text.plist.entitlements; path = "PRISM-Local.entitlements"; sourceTree = "<group>"; };
		CCAB6C1E746A1E9E944E4B38 /* MetalContextTests.swift */ = {isa = PBXFileReference; lastKnownFileType = sourcecode.swift; path = MetalContextTests.swift; sourceTree = "<group>"; };
		CE37A64BFFF8D8B7BDFE0C7B /* KernelTypes.h */ = {isa = PBXFileReference; lastKnownFileType = sourcecode.c.h; path = KernelTypes.h; sourceTree = "<group>"; };
		CE972D19DB5CED77AC4B88C2 /* PresetBar.swift */ = {isa = PBXFileReference; lastKnownFileType = sourcecode.swift; path = PresetBar.swift; sourceTree = "<group>"; };
		CEA5572941CB1B51AFC54052 /* Layers.metal */ = {isa = PBXFileReference; lastKnownFileType = sourcecode.metal; path = Layers.metal; sourceTree = "<group>"; };
		CEF4CED9705F22BC22756360 /* GazeStageTests.swift */ = {isa = PBXFileReference; lastKnownFileType = sourcecode.swift; path = GazeStageTests.swift; sourceTree = "<group>"; };
		D2D1A5DE99E9DCD69AFA2645 /* AdjustStage.swift */ = {isa = PBXFileReference; lastKnownFileType = sourcecode.swift; path = AdjustStage.swift; sourceTree = "<group>"; };
		D3C2F4AD2DBD23DF00FC2A8D /* GazeStage.swift */ = {isa = PBXFileReference; lastKnownFileType = sourcecode.swift; path = GazeStage.swift; sourceTree = "<group>"; };
		D3F3D7952AAB99D5AB7FC8D9 /* MicCheck.swift */ = {isa = PBXFileReference; lastKnownFileType = sourcecode.swift; path = MicCheck.swift; sourceTree = "<group>"; };
		D4452DC5051EF36B908AE0B7 /* LayerSource.swift */ = {isa = PBXFileReference; lastKnownFileType = sourcecode.swift; path = LayerSource.swift; sourceTree = "<group>"; };
		D4E3FE71B3EE133216E984BD /* KeyCodeNames.swift */ = {isa = PBXFileReference; lastKnownFileType = sourcecode.swift; path = KeyCodeNames.swift; sourceTree = "<group>"; };
		D56DC5301882D68A1F0658AF /* EffectsSection.swift */ = {isa = PBXFileReference; lastKnownFileType = sourcecode.swift; path = EffectsSection.swift; sourceTree = "<group>"; };
		D5894A3B20BEFBF515C553DE /* ShortcutBindingTests.swift */ = {isa = PBXFileReference; lastKnownFileType = sourcecode.swift; path = ShortcutBindingTests.swift; sourceTree = "<group>"; };
		D74EF65BB5797627F0D9C525 /* DeviceMonitor.swift */ = {isa = PBXFileReference; lastKnownFileType = sourcecode.swift; path = DeviceMonitor.swift; sourceTree = "<group>"; };
		DA068C6A1C7FBD48889FE190 /* Warm.cube */ = {isa = PBXFileReference; path = Warm.cube; sourceTree = "<group>"; };
		DAB4360F8A3589624753D9D9 /* Assets.xcassets */ = {isa = PBXFileReference; lastKnownFileType = folder.assetcatalog; path = Assets.xcassets; sourceTree = "<group>"; };
		DB2A5CA765E6AAB38279FB40 /* FramingSection.swift */ = {isa = PBXFileReference; lastKnownFileType = sourcecode.swift; path = FramingSection.swift; sourceTree = "<group>"; };
		DC94DF5ADB2CCC4413D10B50 /* LUTStore.swift */ = {isa = PBXFileReference; lastKnownFileType = sourcecode.swift; path = LUTStore.swift; sourceTree = "<group>"; };
		DD4AB93D2C1D0234FCC225DF /* PersonSegmenter.swift */ = {isa = PBXFileReference; lastKnownFileType = sourcecode.swift; path = PersonSegmenter.swift; sourceTree = "<group>"; };
		DE29DCB396A6FB8888F5B0A4 /* KernelTests.swift */ = {isa = PBXFileReference; lastKnownFileType = sourcecode.swift; path = KernelTests.swift; sourceTree = "<group>"; };
		E037AEBD077D819B9AD10CA7 /* MicCheckTests.swift */ = {isa = PBXFileReference; lastKnownFileType = sourcecode.swift; path = MicCheckTests.swift; sourceTree = "<group>"; };
		E157BD293B9E7F816DA6241C /* LUTStoreTests.swift */ = {isa = PBXFileReference; lastKnownFileType = sourcecode.swift; path = LUTStoreTests.swift; sourceTree = "<group>"; };
		E428DF4772A95B7DACD74F98 /* DesignSystem.swift */ = {isa = PBXFileReference; lastKnownFileType = sourcecode.swift; path = DesignSystem.swift; sourceTree = "<group>"; };
		E6939C7C96B029684841510E /* Mono.cube */ = {isa = PBXFileReference; path = Mono.cube; sourceTree = "<group>"; };
		E8CB82B65292DC6EEB8FA768 /* LatencyMonitor.swift */ = {isa = PBXFileReference; lastKnownFileType = sourcecode.swift; path = LatencyMonitor.swift; sourceTree = "<group>"; };
		E8D1B82A692934B670FF6FE7 /* Adjust.metal */ = {isa = PBXFileReference; lastKnownFileType = sourcecode.metal; path = Adjust.metal; sourceTree = "<group>"; };
		EAB8340AC048FB9FBABD347E /* PreviewView.swift */ = {isa = PBXFileReference; lastKnownFileType = sourcecode.swift; path = PreviewView.swift; sourceTree = "<group>"; };
		EC236B6B716770D870EC4658 /* AppState.swift */ = {isa = PBXFileReference; lastKnownFileType = sourcecode.swift; path = AppState.swift; sourceTree = "<group>"; };
		EC692B18502267749EC66F7D /* PRISMTests.xctest */ = {isa = PBXFileReference; explicitFileType = wrapper.cfbundle; includeInIndex = 0; path = PRISMTests.xctest; sourceTree = BUILT_PRODUCTS_DIR; };
		ED9EEE45DD9D6C7C1C7D098E /* FormatSection.swift */ = {isa = PBXFileReference; lastKnownFileType = sourcecode.swift; path = FormatSection.swift; sourceTree = "<group>"; };
		F1B6DDEB62CF87A54AA7D65B /* ReplayBuffer.swift */ = {isa = PBXFileReference; lastKnownFileType = sourcecode.swift; path = ReplayBuffer.swift; sourceTree = "<group>"; };
		F1C7AE0F914D6DA76D2C9845 /* StudioSettings.swift */ = {isa = PBXFileReference; lastKnownFileType = sourcecode.swift; path = StudioSettings.swift; sourceTree = "<group>"; };
		F2A10AB36C896FCE953C1226 /* StudioPane.swift */ = {isa = PBXFileReference; lastKnownFileType = sourcecode.swift; path = StudioPane.swift; sourceTree = "<group>"; };
		F5CF86EF692111A7BC80FF9F /* Cool.cube */ = {isa = PBXFileReference; path = Cool.cube; sourceTree = "<group>"; };
		F68B971871151DCA9C3F91D3 /* GeometryStage.swift */ = {isa = PBXFileReference; lastKnownFileType = sourcecode.swift; path = GeometryStage.swift; sourceTree = "<group>"; };
		F83B9E6AE227921AA633A2A1 /* EffectsPane.swift */ = {isa = PBXFileReference; lastKnownFileType = sourcecode.swift; path = EffectsPane.swift; sourceTree = "<group>"; };
		FA5B6F4E65AFE3DA58C25DAE /* ClipPlayer.swift */ = {isa = PBXFileReference; lastKnownFileType = sourcecode.swift; path = ClipPlayer.swift; sourceTree = "<group>"; };
		FAC96E07ED0AA27A32471B7F /* PRISM_Stream.cpp */ = {isa = PBXFileReference; lastKnownFileType = sourcecode.cpp.cpp; path = PRISM_Stream.cpp; sourceTree = "<group>"; };
		FE3EDC7EDD2E108D228CB500 /* SessionLog.swift */ = {isa = PBXFileReference; lastKnownFileType = sourcecode.swift; path = SessionLog.swift; sourceTree = "<group>"; };
/* End PBXFileReference section */

/* Begin PBXFrameworksBuildPhase section */
		35C6E15D091AE6F8A86E2723 /* Frameworks */ = {
			isa = PBXFrameworksBuildPhase;
			buildActionMask = 2147483647;
			files = (
				41F54808F71A361B213B5895 /* CoreAudio.framework in Frameworks */,
				076097B2BFE642935323CC8E /* CoreFoundation.framework in Frameworks */,
			);
			runOnlyForDeploymentPostprocessing = 0;
		};
/* End PBXFrameworksBuildPhase section */

/* Begin PBXGroup section */
		0C0284A161DD77834725B359 /* Frameworks */ = {
			isa = PBXGroup;
			children = (
				77115686AA2FCDA4D9AF6C38 /* CoreAudio.framework */,
				6B2B26D8A861BAEDB87E6A89 /* CoreFoundation.framework */,
			);
			name = Frameworks;
			sourceTree = "<group>";
		};
		345A9A240694A9DEDA845DD6 /* PRISMTests */ = {
			isa = PBXGroup;
			children = (
				665587966FF1DC8F9D0575C3 /* AutoFramerTests.swift */,
				9BC207D78079C6331980E17D /* BadConnectionTests.swift */,
				4C154757DBE0811782C08AA8 /* ClientNameTests.swift */,
				79FF7AF601E55D37F66EB022 /* FormatManagerTests.swift */,
				206F1E02763A36CBB7B00BFE /* FoundationTypesTests.swift */,
				CEF4CED9705F22BC22756360 /* GazeStageTests.swift */,
				C9FFE81443EA611E13E70543 /* GeometryMathTests.swift */,
				DE29DCB396A6FB8888F5B0A4 /* KernelTests.swift */,
				12F1949F342D9034712EF641 /* LagSwitchTests.swift */,
				348E827CEB7C3F19DA35DCE0 /* LatencyMonitorTests.swift */,
				E157BD293B9E7F816DA6241C /* LUTStoreTests.swift */,
				CCAB6C1E746A1E9E944E4B38 /* MetalContextTests.swift */,
				E037AEBD077D819B9AD10CA7 /* MicCheckTests.swift */,
				A4189198EA5B988CFF03C050 /* PresetStoreTests.swift */,
				93DF453D1AD025F78107920C /* ReplayBufferTests.swift */,
				6CD66F0B2FCC790E25042496 /* RingBufferTests.swift */,
				954600C921AC4A39BF54C986 /* SceneCompositingTests.swift */,
				4959BBA2971F6C3868487587 /* SessionLogTests.swift */,
				D5894A3B20BEFBF515C553DE /* ShortcutBindingTests.swift */,
				98BA26EAD66B6EC21B19D565 /* StudioSettingsTests.swift */,
				754E4EA0C4D0FF850AFBBF7A /* StyleStageTests.swift */,
				95E80A38A5B1749286A63B47 /* VoiceChangerTests.swift */,
			);
			path = PRISMTests;
			sourceTree = "<group>";
		};
		3A07F0167BF1FC1BD9B0D423 /* UI */ = {
			isa = PBXGroup;
			children = (
				B344343652BB2DB9EB6E8CE1 /* ControlTile.swift */,
				E428DF4772A95B7DACD74F98 /* DesignSystem.swift */,
				D56DC5301882D68A1F0658AF /* EffectsSection.swift */,
				ED9EEE45DD9D6C7C1C7D098E /* FormatSection.swift */,
				DB2A5CA765E6AAB38279FB40 /* FramingSection.swift */,
				10435416A8A287351140C45E /* HotkeyRecorder.swift */,
				53514366F59C6ADAC3800705 /* LatencyMeter.swift */,
				4A1EC4ED23C9BD0CCD087D71 /* MenuBarIcon.swift */,
				12C343B3A84A51C036889902 /* MomentsSection.swift */,
				4E0756772A7F36507B633C11 /* OnboardingView.swift */,
				619B13203A28CA9E0927F0B2 /* PopoverView.swift */,
				CE972D19DB5CED77AC4B88C2 /* PresetBar.swift */,
				EAB8340AC048FB9FBABD347E /* PreviewView.swift */,
				0E4230754DD0CC06066B1699 /* SceneSection.swift */,
				8949CE3186FBB24B552D6A6D /* SettingsView.swift */,
				C8A7B6CD75FF1E46A071E655 /* VoiceSection.swift */,
				B56C92A12876CEDC6FB1755C /* MainWindow */,
			);
			path = UI;
			sourceTree = "<group>";
		};
		4E56F2BFEC11A665830CE0B7 /* PRISM */ = {
			isa = PBXGroup;
			children = (
				EC236B6B716770D870EC4658 /* AppState.swift */,
				62AF43069E1F77F701394067 /* AppStateTypes.swift */,
				7B74DAA8A91D305E3F58BF08 /* PRISM-Bridging-Header.h */,
				CB06D752C43A04CAC6777FDB /* PRISM-Local.entitlements */,
				2C3E91CDAD0F5859F1D113C2 /* PRISM.entitlements */,
				BCF581196F074CC78EF6E49A /* PRISMApp.swift */,
				756F134576C75B2161E296BF /* Capture */,
				E2E0F6D4A23876E41A4871B9 /* Clip */,
				96B20E90951368DB0C2D6D05 /* Media */,
				5100807BB4CE0FA6843CD74A /* Pipeline */,
				CD79EAD3A0D54E901E988FB9 /* Resources */,
				587446B7AB45C210675AC9E5 /* Sinks */,
				E656DF285A2A3020E15E2FE8 /* System */,
				3A07F0167BF1FC1BD9B0D423 /* UI */,
			);
			path = PRISM;
			sourceTree = "<group>";
		};
		5100807BB4CE0FA6843CD74A /* Pipeline */ = {
			isa = PBXGroup;
			children = (
				6C53F2782DAEA73F7178BC47 /* DraftRenderer.swift */,
				78484AC653FD132ADA559CCF /* EffectStage.swift */,
				B1316A897BE17127EF6A8D0D /* FormatManager.swift */,
				9E5FCEB7DD1501A57382CB83 /* FrameRing.swift */,
				E8CB82B65292DC6EEB8FA768 /* LatencyMonitor.swift */,
				00484E681C5D813404917AE1 /* PresetStore.swift */,
				F1B6DDEB62CF87A54AA7D65B /* ReplayBuffer.swift */,
				020F7D5FFB53F57E5B034B13 /* ReplayPlayer.swift */,
				6490B465289A45CBA9E2274F /* StageSettings.swift */,
				F1C7AE0F914D6DA76D2C9845 /* StudioSettings.swift */,
				1AEF33697F8E471A59D55333 /* VideoPipeline.swift */,
				85A53D73592E99D7BAD41A01 /* Stages */,
			);
			path = Pipeline;
			sourceTree = "<group>";
		};
		587446B7AB45C210675AC9E5 /* Sinks */ = {
			isa = PBXGroup;
			children = (
				367E6B83C5BE24FFC29A2B64 /* AudioSink.swift */,
				506FCB8C2DA0A828E99C782B /* CMIOSink.swift */,
			);
			path = Sinks;
			sourceTree = "<group>";
		};
		756F134576C75B2161E296BF /* Capture */ = {
			isa = PBXGroup;
			children = (
				430EC642B947703386BE6E7E /* AudioCapture.swift */,
				A22C46F765CFA76387C26277 /* CameraCapture.swift */,
				D74EF65BB5797627F0D9C525 /* DeviceMonitor.swift */,
				D3F3D7952AAB99D5AB7FC8D9 /* MicCheck.swift */,
				20BFF280BEB1FB7E10563950 /* VoiceChanger.swift */,
			);
			path = Capture;
			sourceTree = "<group>";
		};
		85A53D73592E99D7BAD41A01 /* Stages */ = {
			isa = PBXGroup;
			children = (
				D2D1A5DE99E9DCD69AFA2645 /* AdjustStage.swift */,
				CA55D796CEDD2B65D7897F4B /* AutoFramer.swift */,
				A36434DB9634BBC1E28F94F5 /* BackgroundStage.swift */,
				18AF5ECE4C7193418E1A8B65 /* BlurStage.swift */,
				3B73B15856323C3240286438 /* ClipStage.swift */,
				687E298F56390E8081059AEC /* ConnectionStage.swift */,
				21CC8265134D3F7EFB19E105 /* FreezeStage.swift */,
				D3C2F4AD2DBD23DF00FC2A8D /* GazeStage.swift */,
				F68B971871151DCA9C3F91D3 /* GeometryStage.swift */,
				12068898E3D79E293BC12ADD /* LUTStage.swift */,
				DC94DF5ADB2CCC4413D10B50 /* LUTStore.swift */,
				C459B61B281B0164BF4BC1C9 /* OutputFitStage.swift */,
				6CB075C6D6D34CA3BE2BB96D /* OverlayStage.swift */,
				DD4AB93D2C1D0234FCC225DF /* PersonSegmenter.swift */,
				2F2D2D84A17A12C4AA5F0873 /* ReplayStage.swift */,
				C411911100477FBD526E65A1 /* StyleStage.swift */,
			);
			path = Stages;
			sourceTree = "<group>";
		};
		96B20E90951368DB0C2D6D05 /* Media */ = {
			isa = PBXGroup;
			children = (
				D4452DC5051EF36B908AE0B7 /* LayerSource.swift */,
			);
			path = Media;
			sourceTree = "<group>";
		};
		9ACB8EA292F0BE5D323F4DC2 = {
			isa = PBXGroup;
			children = (
				4E56F2BFEC11A665830CE0B7 /* PRISM */,
				AFD9142E14E6104DDCE6CF82 /* PRISMAudioPlugIn */,
				C450DD77C469019E36661144 /* PRISMCameraExtension */,
				B99FE7A1EC343FCEB9580AAF /* PRISMKernels */,
				E1580014D2B59E83FC958C14 /* PRISMShared */,
				345A9A240694A9DEDA845DD6 /* PRISMTests */,
				0C0284A161DD77834725B359 /* Frameworks */,
				9DFE55D93D71E8D607CD0AF1 /* Products */,
			);
			sourceTree = "<group>";
		};
		9DFE55D93D71E8D607CD0AF1 /* Products */ = {
			isa = PBXGroup;
			children = (
				4AD9E7D3A3FB939110C3FEF7 /* PRISM.app */,
				3470A96AFDE1B23E68BD8EDD /* PRISMAudioPlugIn.bundle */,
				B41FF1780DF7FE42413B415B /* PRISMCameraExtension.systemextension */,
				EC692B18502267749EC66F7D /* PRISMTests.xctest */,
			);
			name = Products;
			sourceTree = "<group>";
		};
		A365F3F17198901179B97ED0 /* LUTs */ = {
			isa = PBXGroup;
			children = (
				F5CF86EF692111A7BC80FF9F /* Cool.cube */,
				52BC20A79E3805278E9CEDA5 /* Film.cube */,
				E6939C7C96B029684841510E /* Mono.cube */,
				23DF6FB0C9E81B3D1E58A0B2 /* Neutral.cube */,
				DA068C6A1C7FBD48889FE190 /* Warm.cube */,
			);
			path = LUTs;
			sourceTree = "<group>";
		};
		AFD9142E14E6104DDCE6CF82 /* PRISMAudioPlugIn */ = {
			isa = PBXGroup;
			children = (
				542C9CBC0D9EE3420CA6B496 /* PRISM_Device.cpp */,
				806ECFDAF5DCB6E821D99A90 /* PRISM_PlugIn.cpp */,
				2435E0B8D2F51C5BA54E2363 /* PRISM_PlugIn.h */,
				FAC96E07ED0AA27A32471B7F /* PRISM_Stream.cpp */,
			);
			path = PRISMAudioPlugIn;
			sourceTree = "<group>";
		};
		B56C92A12876CEDC6FB1755C /* MainWindow */ = {
			isa = PBXGroup;
			children = (
				16E0921ED64EDEC2149CD377 /* DiagnosticsPane.swift */,
				F83B9E6AE227921AA633A2A1 /* EffectsPane.swift */,
				3C02463C50F08564384E6C5B /* FormatPane.swift */,
				985EBBD95DF6C83F13A30A4A /* FramingPane.swift */,
				9B43BCAF0730BAEB1EE9FB65 /* MainWindowController.swift */,
				73270FD112F0C8B1BA82E0EB /* MainWindowView.swift */,
				95D50908EB1583324D4BF7B8 /* MenuBarLayoutPane.swift */,
				C57BF23686FD9A58028F79C8 /* MomentsPane.swift */,
				651F67AFECCFCD3A324DBCB2 /* PanePreview.swift */,
				59DE48E698981ADCCC127856 /* PresetsPane.swift */,
				0085374A06F1C7AECB0AB857 /* ScenePane.swift */,
				37C97A108180CF0A1DC18EBC /* ShortcutsPane.swift */,
				F2A10AB36C896FCE953C1226 /* StudioPane.swift */,
				9B3BE1858AA5A3C3039D8326 /* VoicePane.swift */,
			);
			path = MainWindow;
			sourceTree = "<group>";
		};
		B99FE7A1EC343FCEB9580AAF /* PRISMKernels */ = {
			isa = PBXGroup;
			children = (
				E8D1B82A692934B670FF6FE7 /* Adjust.metal */,
				16D7CFDB5202A947C70C2542 /* Blur.metal */,
				9AC6456E2FE242D16DD43349 /* Composite.metal */,
				A20A229F46527A72C3480E58 /* Gaze.metal */,
				CB00F8324910C2B14928EE56 /* Geometry.metal */,
				CE37A64BFFF8D8B7BDFE0C7B /* KernelTypes.h */,
				CEA5572941CB1B51AFC54052 /* Layers.metal */,
				908D97B57D980B712327EB7B /* LUT.metal */,
				653CEBD1EBFCFFFEBB493015 /* Style.metal */,
			);
			path = PRISMKernels;
			sourceTree = "<group>";
		};
		C450DD77C469019E36661144 /* PRISMCameraExtension */ = {
			isa = PBXGroup;
			children = (
				13032872A117E6CB8B3E2A1D /* DeviceSource.swift */,
				6A3CC15AE7381523F9118087 /* ExtensionProvider.swift */,
				334E7F01542A708162B01D41 /* main.swift */,
				AD229C9E3A81527D84843A1B /* PlaceholderRenderer.swift */,
				346FB9016E5C3A25396B2F61 /* PRISMCameraExtension.entitlements */,
				8D88CE1466967F22224CD876 /* StreamSource.swift */,
			);
			path = PRISMCameraExtension;
			sourceTree = "<group>";
		};
		CD79EAD3A0D54E901E988FB9 /* Resources */ = {
			isa = PBXGroup;
			children = (
				DAB4360F8A3589624753D9D9 /* Assets.xcassets */,
				A365F3F17198901179B97ED0 /* LUTs */,
			);
			path = Resources;
			sourceTree = "<group>";
		};
		E1580014D2B59E83FC958C14 /* PRISMShared */ = {
			isa = PBXGroup;
			children = (
				93070807D31FCC2579995DBC /* PixelFormats.swift */,
				AD5DCDAE59542E9A670A9B42 /* RingBuffer.c */,
				40C9473F2BB99D911EBAFFCB /* RingBuffer.h */,
				82EB8843D6C69232F2EB1E08 /* SharedTypes.h */,
			);
			path = PRISMShared;
			sourceTree = "<group>";
		};
		E2E0F6D4A23876E41A4871B9 /* Clip */ = {
			isa = PBXGroup;
			children = (
				FA5B6F4E65AFE3DA58C25DAE /* ClipPlayer.swift */,
			);
			path = Clip;
			sourceTree = "<group>";
		};
		E656DF285A2A3020E15E2FE8 /* System */ = {
			isa = PBXGroup;
			children = (
				9EE248762C200152A2E3EA8D /* ExtensionInstaller.swift */,
				8ECBD2378C965EA3C4DE5B3E /* Hotkeys.swift */,
				D4E3FE71B3EE133216E984BD /* KeyCodeNames.swift */,
				520983359A7294925FDB93C3 /* LoginItem.swift */,
				0B1C3A2AE4BA0EB6991632B0 /* Permissions.swift */,
				ACCE17821E856C032F76204C /* PrismIntents.swift */,
				FE3EDC7EDD2E108D228CB500 /* SessionLog.swift */,
				6DD513FBE9B0AACAB339C3CA /* ShortcutAction.swift */,
			);
			path = System;
			sourceTree = "<group>";
		};
/* End PBXGroup section */

/* Begin PBXNativeTarget section */
		2C59C801D50120AF5E23FD1E /* PRISMTests */ = {
			isa = PBXNativeTarget;
			buildConfigurationList = 660E752AD41D933E50E782DE /* Build configuration list for PBXNativeTarget "PRISMTests" */;
			buildPhases = (
				3949697C2C31F1647C736D2D /* Sources */,
				4DF0D93DFEC25ED500865652 /* Resources */,
			);
			buildRules = (
			);
			dependencies = (
			);
			name = PRISMTests;
			packageProductDependencies = (
			);
			productName = PRISMTests;
			productReference = EC692B18502267749EC66F7D /* PRISMTests.xctest */;
			productType = "com.apple.product-type.bundle.unit-test";
		};
		5CACE39891AF97458D8C72B9 /* PRISM */ = {
			isa = PBXNativeTarget;
			buildConfigurationList = 81BC70D49DA35C9EB78F5847 /* Build configuration list for PBXNativeTarget "PRISM" */;
			buildPhases = (
				785A90982744341794619D09 /* Sources */,
				C0393216D459C799F6A7BF5C /* Resources */,
				04E1BD163FEFA830D515F0BF /* Embed System Extensions */,
			);
			buildRules = (
			);
			dependencies = (
				221DB085EEA76A91A5DCDDF9 /* PBXTargetDependency */,
			);
			name = PRISM;
			packageProductDependencies = (
			);
			productName = PRISM;
			productReference = 4AD9E7D3A3FB939110C3FEF7 /* PRISM.app */;
			productType = "com.apple.product-type.application";
		};
		908F2AE2C269B51FA6134CDE /* PRISMAudioPlugIn */ = {
			isa = PBXNativeTarget;
			buildConfigurationList = A61EFB41ADB1595E9427E653 /* Build configuration list for PBXNativeTarget "PRISMAudioPlugIn" */;
			buildPhases = (
				1048FF551443B6E2F8399481 /* Sources */,
				35C6E15D091AE6F8A86E2723 /* Frameworks */,
			);
			buildRules = (
			);
			dependencies = (
			);
			name = PRISMAudioPlugIn;
			packageProductDependencies = (
			);
			productName = PRISMAudioPlugIn;
			productReference = 3470A96AFDE1B23E68BD8EDD /* PRISMAudioPlugIn.bundle */;
			productType = "com.apple.product-type.bundle";
		};
		FF1130B3B3148396DB9E3D68 /* PRISMCameraExtension */ = {
			isa = PBXNativeTarget;
			buildConfigurationList = 3ABDCBA64B3D79D14A8A3720 /* Build configuration list for PBXNativeTarget "PRISMCameraExtension" */;
			buildPhases = (
				82EC190ED4C4FEF257E01325 /* Sources */,
			);
			buildRules = (
			);
			dependencies = (
			);
			name = PRISMCameraExtension;
			packageProductDependencies = (
			);
			productName = PRISMCameraExtension;
			productReference = B41FF1780DF7FE42413B415B /* PRISMCameraExtension.systemextension */;
			productType = "com.apple.product-type.system-extension";
		};
/* End PBXNativeTarget section */

/* Begin PBXProject section */
		9437BA67D8E1EE3458871BC8 /* Project object */ = {
			isa = PBXProject;
			attributes = {
				BuildIndependentTargetsInParallel = YES;
				LastUpgradeCheck = 1430;
				TargetAttributes = {
					2C59C801D50120AF5E23FD1E = {
						ProvisioningStyle = Manual;
					};
					5CACE39891AF97458D8C72B9 = {
						DevelopmentTeam = 744ZKK233L;
						ProvisioningStyle = Automatic;
					};
					908F2AE2C269B51FA6134CDE = {
						DevelopmentTeam = 744ZKK233L;
						ProvisioningStyle = Automatic;
					};
					FF1130B3B3148396DB9E3D68 = {
						DevelopmentTeam = 744ZKK233L;
						ProvisioningStyle = Automatic;
					};
				};
			};
			buildConfigurationList = F24101CEB1B906D95F30D585 /* Build configuration list for PBXProject "PRISM" */;
			developmentRegion = en;
			hasScannedForEncodings = 0;
			knownRegions = (
				Base,
				en,
			);
			mainGroup = 9ACB8EA292F0BE5D323F4DC2;
			minimizedProjectReferenceProxies = 1;
			preferredProjectObjectVersion = 77;
			productRefGroup = 9DFE55D93D71E8D607CD0AF1 /* Products */;
			projectDirPath = "";
			projectRoot = "";
			targets = (
				5CACE39891AF97458D8C72B9 /* PRISM */,
				FF1130B3B3148396DB9E3D68 /* PRISMCameraExtension */,
				2C59C801D50120AF5E23FD1E /* PRISMTests */,
				908F2AE2C269B51FA6134CDE /* PRISMAudioPlugIn */,
			);
		};
/* End PBXProject section */

/* Begin PBXResourcesBuildPhase section */
		4DF0D93DFEC25ED500865652 /* Resources */ = {
			isa = PBXResourcesBuildPhase;
			buildActionMask = 2147483647;
			files = (
				1801A47FAF78BD611FF9E242 /* Assets.xcassets in Resources */,
				88B3B6F868E815F0D18B98F4 /* Cool.cube in Resources */,
				70CB806DE182923F7D92889E /* Film.cube in Resources */,
				88A406B90AEDA715588C49BC /* Mono.cube in Resources */,
				98151E93FEA646A68F8A7E6B /* Neutral.cube in Resources */,
				C181F3F9951812EA568B0491 /* Warm.cube in Resources */,
			);
			runOnlyForDeploymentPostprocessing = 0;
		};
		C0393216D459C799F6A7BF5C /* Resources */ = {
			isa = PBXResourcesBuildPhase;
			buildActionMask = 2147483647;
			files = (
				3BD73EAD718894B80AFEAF22 /* Assets.xcassets in Resources */,
				456570CE53198E0BB1156655 /* Cool.cube in Resources */,
				67F5BD244F0B193BB652C30F /* Film.cube in Resources */,
				37E370C5E06E82CD08C2B12D /* Mono.cube in Resources */,
				7C832E809F7ACF0AC9509A50 /* Neutral.cube in Resources */,
				693BBDD9813D15E15CF0815F /* Warm.cube in Resources */,
			);
			runOnlyForDeploymentPostprocessing = 0;
		};
/* End PBXResourcesBuildPhase section */

/* Begin PBXSourcesBuildPhase section */
		1048FF551443B6E2F8399481 /* Sources */ = {
			isa = PBXSourcesBuildPhase;
			buildActionMask = 2147483647;
			files = (
				3F15DBCDF98FDD4653CC37C5 /* PRISM_Device.cpp in Sources */,
				3EA59155815AC518C5CD9494 /* PRISM_PlugIn.cpp in Sources */,
				DADDF8EA7E58F34952A6B255 /* PRISM_Stream.cpp in Sources */,
				07ABFE6A7063006C7970A2EF /* RingBuffer.c in Sources */,
			);
			runOnlyForDeploymentPostprocessing = 0;
		};
		3949697C2C31F1647C736D2D /* Sources */ = {
			isa = PBXSourcesBuildPhase;
			buildActionMask = 2147483647;
			files = (
				242FAFD6C52888FE1B69F1BC /* Adjust.metal in Sources */,
				0056429A1E140FCE0D2811B6 /* AdjustStage.swift in Sources */,
				F756830956D37714288553B7 /* AppState.swift in Sources */,
				0E8B3A768A67EA41396D9111 /* AppStateTypes.swift in Sources */,
				7828206F9B97B429A62B5BEF /* AudioCapture.swift in Sources */,
				4D08DCAD2F2B9368687D0A78 /* AudioSink.swift in Sources */,
				B0DDB9080FD62909F2C98D2A /* AutoFramer.swift in Sources */,
				31045908DF67678E385D83D6 /* AutoFramerTests.swift in Sources */,
				953AD29AE5455304C40C8366 /* BackgroundStage.swift in Sources */,
				6ED9044387C190CBDE7FEB6F /* BadConnectionTests.swift in Sources */,
				C0C34F74ACD97CDB3877F092 /* Blur.metal in Sources */,
				36C71C65851CC13A04CBEBC6 /* BlurStage.swift in Sources */,
				BFC7E4F0F2D067D5D1D88866 /* CMIOSink.swift in Sources */,
				A5052C1B0A939F46922F86EF /* CameraCapture.swift in Sources */,
				DEEF887FBD35EB616B14E4FB /* ClientNameTests.swift in Sources */,
				C706B7516EEA141DCFEF2E73 /* ClipPlayer.swift in Sources */,
				68E826BECFBEC7E5D54FDB0F /* ClipStage.swift in Sources */,
				F12E06180D3B45A450096772 /* Composite.metal in Sources */,
				3238E59DA23622B541B68411 /* ConnectionStage.swift in Sources */,
				3EB8F26422EBEADB842D2B74 /* DeviceMonitor.swift in Sources */,
				3890F0B30D39C888EBC0E08B /* DraftRenderer.swift in Sources */,
				FD847B0464A22CADD6A51A2F /* EffectStage.swift in Sources */,
				08C24FBBBAE5D3DA73705BCD /* ExtensionInstaller.swift in Sources */,
				DA050785FF6504B8FBDBF7FA /* FormatManager.swift in Sources */,
				7D53884422567455CE547C06 /* FormatManagerTests.swift in Sources */,
				99588A2D24A17C96A4732D71 /* FoundationTypesTests.swift in Sources */,
				28CF1B69970A6550074BEEF8 /* FrameRing.swift in Sources */,
				54002C1336EFDE2DB32F9737 /* FreezeStage.swift in Sources */,
				938A5F43063CB5AE29968EE8 /* Gaze.metal in Sources */,
				16DA69013A83E5E11533E5AF /* GazeStage.swift in Sources */,
				7B4564D754C892A061D2AC72 /* GazeStageTests.swift in Sources */,
				7854AE0EF5145031F61E9B9F /* Geometry.metal in Sources */,
				E3B751C9E235135645C18EFF /* GeometryMathTests.swift in Sources */,
				2465AF7274B0679860AD3040 /* GeometryStage.swift in Sources */,
				7285D9896068AEB7155529D3 /* Hotkeys.swift in Sources */,
				78B18C43618740971E693BCD /* KernelTests.swift in Sources */,
				D15BA949D97211EBAA90FAED /* KeyCodeNames.swift in Sources */,
				FE8C1EECF3E2CC9D43D55A13 /* LUT.metal in Sources */,
				F5A5381BE6CFDF4D148084D8 /* LUTStage.swift in Sources */,
				043B4B1E28A11209B6EAB227 /* LUTStore.swift in Sources */,
				95E8F5036531F2CC17E18CE5 /* LUTStoreTests.swift in Sources */,
				BB874307742987434C08B75C /* LagSwitchTests.swift in Sources */,
				C678B23F7C7EC63113052A37 /* LatencyMonitor.swift in Sources */,
				3A8D5BAF924702E627A68B62 /* LatencyMonitorTests.swift in Sources */,
				FB6455BB81B2A1051B00A28C /* LayerSource.swift in Sources */,
				5EA176B53CA3217907078A0E /* Layers.metal in Sources */,
				BFD35162A74E6D792438F752 /* LoginItem.swift in Sources */,
				7E4916EC362ED8C80D34589B /* MetalContextTests.swift in Sources */,
				A614AE73585698BEB50D9DC4 /* MicCheck.swift in Sources */,
				0DE00ED3708320FFC581D0E9 /* MicCheckTests.swift in Sources */,
				2A5EAD59198110ABF9B56BEC /* OutputFitStage.swift in Sources */,
				53BF17FAEE2EC7393693EFAC /* OverlayStage.swift in Sources */,
				81D506FAD718ACD521040B79 /* Permissions.swift in Sources */,
				FADF2B49411B5945AAAA3754 /* PersonSegmenter.swift in Sources */,
				4586A148816F107CD05E4DEC /* PixelFormats.swift in Sources */,
				03900F480E5844053590B4D9 /* PresetStore.swift in Sources */,
				FFB4D76DE8FD8C48DA850CEF /* PresetStoreTests.swift in Sources */,
				4F1293E96B28CEFCAE1E605C /* PrismIntents.swift in Sources */,
				EE1536EEB314E9601D66FE2B /* ReplayBuffer.swift in Sources */,
				48831D16987F5255F4410172 /* ReplayBufferTests.swift in Sources */,
				FCC2A27E20E47EE9906C13FB /* ReplayPlayer.swift in Sources */,
				FD73E8756AA915964B6ED29E /* ReplayStage.swift in Sources */,
				E374507CA8CE26B7BA539C24 /* RingBuffer.c in Sources */,
				14E4FA557BA7837E566BF73E /* RingBufferTests.swift in Sources */,
				D44593EDB4E4B7DBB20B380B /* SceneCompositingTests.swift in Sources */,
				A107FE7E8A038882C0E9EC77 /* SessionLog.swift in Sources */,
				EC80BEB18BAB4D3346AA4CDE /* SessionLogTests.swift in Sources */,
				A9D6B20E92F28A74DD6E19BC /* ShortcutAction.swift in Sources */,
				544585BE3EBC4E5ECA644B38 /* ShortcutBindingTests.swift in Sources */,
				13364E22BFAAB95ECA53493B /* StageSettings.swift in Sources */,
				BA1AA80930E0888DCB1516FC /* StudioSettings.swift in Sources */,
				928CF2782BE2C4AAC6CDBC53 /* StudioSettingsTests.swift in Sources */,
				59F9A8725F21C41684B1CB56 /* Style.metal in Sources */,
				B8C9B7A949651F70B9F9603E /* StyleStage.swift in Sources */,
				EE3D14EDD461D9D0C6B6B0B1 /* StyleStageTests.swift in Sources */,
				BAB9FD099963309479EE4809 /* VideoPipeline.swift in Sources */,
				14A2E9EC7D716A6049CCD5C1 /* VoiceChanger.swift in Sources */,
				F020BF850FBAC9D7E5D51313 /* VoiceChangerTests.swift in Sources */,
			);
			runOnlyForDeploymentPostprocessing = 0;
		};
		785A90982744341794619D09 /* Sources */ = {
			isa = PBXSourcesBuildPhase;
			buildActionMask = 2147483647;
			files = (
				ACDFF2564655D3097A21C900 /* Adjust.metal in Sources */,
				907E78395A000D9465917CDB /* AdjustStage.swift in Sources */,
				177EFFF03CC605C85B0E9733 /* AppState.swift in Sources */,
				BE129B9E06E67A5276BB1FFE /* AppStateTypes.swift in Sources */,
				D66E1CCCCC04289DCE65F4E0 /* AudioCapture.swift in Sources */,
				925278567290F9E725EED4B2 /* AudioSink.swift in Sources */,
				E89124469D1FE6A190031339 /* AutoFramer.swift in Sources */,
				4519999DCDEE6DB795EA0D07 /* BackgroundStage.swift in Sources */,
				75CB5AD2CFD744950643E4F0 /* Blur.metal in Sources */,
				B5FEAA6F6DBDB0F2B2879C92 /* BlurStage.swift in Sources */,
				E0A98961F921264DF4B6AEE5 /* CMIOSink.swift in Sources */,
				B8F948AE481A92DD942653B5 /* CameraCapture.swift in Sources */,
				6F03BCFE7C91C21764C9ADDF /* ClipPlayer.swift in Sources */,
				5F3DB6929124FB6B6AFD1794 /* ClipStage.swift in Sources */,
				C5DA69A9EC6473A319A08D1F /* Composite.metal in Sources */,
				87E85ACF08D5F56243FC8E93 /* ConnectionStage.swift in Sources */,
				A9878DDCED22981BEB6BD3C7 /* ControlTile.swift in Sources */,
				6654C19B8CF13CB1211B93F0 /* DesignSystem.swift in Sources */,
				413AA75C4128C5C999F134C1 /* DeviceMonitor.swift in Sources */,
				20967007B889C2EDB92DAE30 /* DiagnosticsPane.swift in Sources */,
				98C5300CF1D74E012104DC5D /* DraftRenderer.swift in Sources */,
				0A893FFD977CA4DEEB56B059 /* EffectStage.swift in Sources */,
				4CDF21B240459C66D7D97EF0 /* EffectsPane.swift in Sources */,
				2AFEE60289749738AF678B3A /* EffectsSection.swift in Sources */,
				AFBB8974CA658814542FFACA /* ExtensionInstaller.swift in Sources */,
				403DEE349F399DC472252A25 /* FormatManager.swift in Sources */,
				EBB6B5029058B6A7ACA5E6C7 /* FormatPane.swift in Sources */,
				BCEFA3727CF838AA2FBB8E62 /* FormatSection.swift in Sources */,
				E6AB61E973F3E879AF4D54A7 /* FrameRing.swift in Sources */,
				4CFF7D54279FF9949E785AD6 /* FramingPane.swift in Sources */,
				A51A2BAFD6ED9620C066569F /* FramingSection.swift in Sources */,
				875D06A0D885110E80C0E53F /* FreezeStage.swift in Sources */,
				80BD9B7E0604871C1C69F558 /* Gaze.metal in Sources */,
				068274E908F4592D7BF12D65 /* GazeStage.swift in Sources */,
				C2F6142D397DF59A093959B4 /* Geometry.metal in Sources */,
				A89AC82673115677D48FBF84 /* GeometryStage.swift in Sources */,
				FCE70C5F01DC89688905D276 /* HotkeyRecorder.swift in Sources */,
				A16D4A296E5187F05D485932 /* Hotkeys.swift in Sources */,
				5C97B671050CC38853C6AD2B /* KeyCodeNames.swift in Sources */,
				96FDF3F167B0765679F67904 /* LUT.metal in Sources */,
				E2A708FAD2A9249688FFBB93 /* LUTStage.swift in Sources */,
				1D0F26AE68A3D145AD21DEFF /* LUTStore.swift in Sources */,
				2B5F7B93A47E255D80EB2C69 /* LatencyMeter.swift in Sources */,
				1DE05826648BAAE3ED9A052E /* LatencyMonitor.swift in Sources */,
				E9B1102B99134C83AF9C22D8 /* LayerSource.swift in Sources */,
				BC4C31E12F7CECB787D530B9 /* Layers.metal in Sources */,
				7E9FCD7C75549A643620A80C /* LoginItem.swift in Sources */,
				18AC7C2C124ABFE9EED45B8D /* MainWindowController.swift in Sources */,
				43BDABED1115BCDACEB94282 /* MainWindowView.swift in Sources */,
				8ABE672138DF16F2160C62D4 /* MenuBarIcon.swift in Sources */,
				62432F3DB10485974FAC5235 /* MenuBarLayoutPane.swift in Sources */,
				CA19233EFAC1135B368EF1C6 /* MicCheck.swift in Sources */,
				6BA2522593C2C9245934D3D1 /* MomentsPane.swift in Sources */,
				532FA68CEF2F36887E34663C /* MomentsSection.swift in Sources */,
				BB34570CB4BC16A19750B926 /* OnboardingView.swift in Sources */,
				B15E0D28EBD150EEF0E9D748 /* OutputFitStage.swift in Sources */,
				F2D874DB12C8DB1D00FAF3D9 /* OverlayStage.swift in Sources */,
				45B17D4FB593E69A1D14E951 /* PRISMApp.swift in Sources */,
				0508ECBB98D540DF7FAB024D /* PanePreview.swift in Sources */,
				1BA7C44675ABE52D9EC7D65A /* Permissions.swift in Sources */,
				CD981F9B41E9F32141602550 /* PersonSegmenter.swift in Sources */,
				7FD37A5D7718F5FAFECB9130 /* PixelFormats.swift in Sources */,
				7AF9E2444E5A6136F7BEC079 /* PopoverView.swift in Sources */,
				D2D26CA51F144956D17050A2 /* PresetBar.swift in Sources */,
				DDC586CE3D0F9F70152C9CB4 /* PresetStore.swift in Sources */,
				45C1643D61F74834684CEDC4 /* PresetsPane.swift in Sources */,
				B0CE2254D16CF7C34499FCEB /* PreviewView.swift in Sources */,
				4A5E07F2A02D934124EB27F8 /* PrismIntents.swift in Sources */,
				2BF729B8CC62923A505BE535 /* ReplayBuffer.swift in Sources */,
				C6061D4C4DBE8BACD6EC2D01 /* ReplayPlayer.swift in Sources */,
				A665E3E3A7A06ED1AE4431A4 /* ReplayStage.swift in Sources */,
				6AE16A57587040AAA7448F7E /* RingBuffer.c in Sources */,
				4ED2E4698E027A514789B68A /* ScenePane.swift in Sources */,
				60100DB363BE2B15347F2770 /* SceneSection.swift in Sources */,
				84019EEEF6A1F6055C281859 /* SessionLog.swift in Sources */,
				8B31065501BDBE33FD9A3DD3 /* SettingsView.swift in Sources */,
				943BBD6A76D2D5666589BE4D /* ShortcutAction.swift in Sources */,
				502D140C63D4D7D1A40E900A /* ShortcutsPane.swift in Sources */,
				9326B86685AC832D8F1E7919 /* StageSettings.swift in Sources */,
				C1C3EFD86901077CA63CE5E0 /* StudioPane.swift in Sources */,
				72658A320EC1565F00C95EFE /* StudioSettings.swift in Sources */,
				32C1088F325B49BED39CA9B5 /* Style.metal in Sources */,
				255197414D7FA80F0AABC3C8 /* StyleStage.swift in Sources */,
				2F35626197549CAA9B220D70 /* VideoPipeline.swift in Sources */,
				4D753CE9B98FDE578B6D0C61 /* VoiceChanger.swift in Sources */,
				54E44B25CB9BD9BD11D44701 /* VoicePane.swift in Sources */,
				6177F63D41057A39E3026C18 /* VoiceSection.swift in Sources */,
			);
			runOnlyForDeploymentPostprocessing = 0;
		};
		82EC190ED4C4FEF257E01325 /* Sources */ = {
			isa = PBXSourcesBuildPhase;
			buildActionMask = 2147483647;
			files = (
				FB094D09ABCF19D3DF99788F /* DeviceSource.swift in Sources */,
				BABD2F2BAD9320FD8E4A13D2 /* ExtensionProvider.swift in Sources */,
				BCDF72069FFEF0E8FB8FABE6 /* PlaceholderRenderer.swift in Sources */,
				310FB4250DD21F3F4DB12908 /* StreamSource.swift in Sources */,
				5D9A73586FFDB44A65D2C907 /* main.swift in Sources */,
			);
			runOnlyForDeploymentPostprocessing = 0;
		};
/* End PBXSourcesBuildPhase section */

/* Begin PBXTargetDependency section */
		221DB085EEA76A91A5DCDDF9 /* PBXTargetDependency */ = {
			isa = PBXTargetDependency;
			target = FF1130B3B3148396DB9E3D68 /* PRISMCameraExtension */;
			targetProxy = 33E7B0E5BDBDBC6E88FC06F3 /* PBXContainerItemProxy */;
		};
/* End PBXTargetDependency section */

/* Begin XCBuildConfiguration section */
		114E3D1446BCE1CF1A16DC79 /* Release */ = {
			isa = XCBuildConfiguration;
			buildSettings = {
				ALWAYS_SEARCH_USER_PATHS = NO;
				CLANG_ANALYZER_NONNULL = YES;
				CLANG_ANALYZER_NUMBER_OBJECT_CONVERSION = YES_AGGRESSIVE;
				CLANG_CXX_LANGUAGE_STANDARD = "gnu++14";
				CLANG_CXX_LIBRARY = "libc++";
				CLANG_ENABLE_MODULES = YES;
				CLANG_ENABLE_OBJC_ARC = YES;
				CLANG_ENABLE_OBJC_WEAK = YES;
				CLANG_WARN_BLOCK_CAPTURE_AUTORELEASING = YES;
				CLANG_WARN_BOOL_CONVERSION = YES;
				CLANG_WARN_COMMA = YES;
				CLANG_WARN_CONSTANT_CONVERSION = YES;
				CLANG_WARN_DEPRECATED_OBJC_IMPLEMENTATIONS = YES;
				CLANG_WARN_DIRECT_OBJC_ISA_USAGE = YES_ERROR;
				CLANG_WARN_DOCUMENTATION_COMMENTS = YES;
				CLANG_WARN_EMPTY_BODY = YES;
				CLANG_WARN_ENUM_CONVERSION = YES;
				CLANG_WARN_INFINITE_RECURSION = YES;
				CLANG_WARN_INT_CONVERSION = YES;
				CLANG_WARN_NON_LITERAL_NULL_CONVERSION = YES;
				CLANG_WARN_OBJC_IMPLICIT_RETAIN_SELF = YES;
				CLANG_WARN_OBJC_LITERAL_CONVERSION = YES;
				CLANG_WARN_OBJC_ROOT_CLASS = YES_ERROR;
				CLANG_WARN_QUOTED_INCLUDE_IN_FRAMEWORK_HEADER = YES;
				CLANG_WARN_RANGE_LOOP_ANALYSIS = YES;
				CLANG_WARN_STRICT_PROTOTYPES = YES;
				CLANG_WARN_SUSPICIOUS_MOVE = YES;
				CLANG_WARN_UNGUARDED_AVAILABILITY = YES_AGGRESSIVE;
				CLANG_WARN_UNREACHABLE_CODE = YES;
				CLANG_WARN__DUPLICATE_METHOD_MATCH = YES;
				COPY_PHASE_STRIP = NO;
				CURRENT_PROJECT_VERSION = 1;
				DEAD_CODE_STRIPPING = YES;
				DEBUG_INFORMATION_FORMAT = "dwarf-with-dsym";
				ENABLE_NS_ASSERTIONS = NO;
				ENABLE_STRICT_OBJC_MSGSEND = YES;
				GCC_C_LANGUAGE_STANDARD = gnu11;
				GCC_NO_COMMON_BLOCKS = YES;
				GCC_WARN_64_TO_32_BIT_CONVERSION = YES;
				GCC_WARN_ABOUT_RETURN_TYPE = YES_ERROR;
				GCC_WARN_UNDECLARED_SELECTOR = YES;
				GCC_WARN_UNINITIALIZED_AUTOS = YES_AGGRESSIVE;
				GCC_WARN_UNUSED_FUNCTION = YES;
				GCC_WARN_UNUSED_VARIABLE = YES;
				GENERATE_INFOPLIST_FILE = NO;
				MACOSX_DEPLOYMENT_TARGET = 13.0;
				MARKETING_VERSION = 1.0;
				MTL_ENABLE_DEBUG_INFO = NO;
				MTL_FAST_MATH = YES;
				PRODUCT_NAME = "$(TARGET_NAME)";
				SDKROOT = macosx;
				SWIFT_COMPILATION_MODE = wholemodule;
				SWIFT_OPTIMIZATION_LEVEL = "-O";
				SWIFT_VERSION = 5.9;
			};
			name = Release;
		};
		2706ED25B9F387C74D0FFA5E /* Release */ = {
			isa = XCBuildConfiguration;
			buildSettings = {
				CLANG_ENABLE_OBJC_ARC = NO;
				CODE_SIGN_STYLE = Automatic;
				COMBINE_HIDPI_IMAGES = YES;
				DEVELOPMENT_TEAM = 744ZKK233L;
				ENABLE_HARDENED_RUNTIME = YES;
				HEADER_SEARCH_PATHS = "$(SRCROOT)/PRISMShared";
				INFOPLIST_FILE = PRISMAudioPlugIn/Info.plist;
				LD_RUNPATH_SEARCH_PATHS = (
					"$(inherited)",
					"@executable_path/../Frameworks",
				);
				PRODUCT_BUNDLE_IDENTIFIER = horse.prism.PRISM.audio;
				PRODUCT_NAME = PRISM;
				SDKROOT = macosx;
				WRAPPER_EXTENSION = driver;
			};
			name = Release;
		};
		4B1A62661E657D42F7DD5D10 /* Debug */ = {
			isa = XCBuildConfiguration;
			buildSettings = {
				BUNDLE_LOADER = "$(TEST_HOST)";
				CODE_SIGNING_REQUIRED = NO;
				CODE_SIGN_IDENTITY = "-";
				CODE_SIGN_STYLE = Manual;
				COMBINE_HIDPI_IMAGES = YES;
				ENABLE_HARDENED_RUNTIME = NO;
				GENERATE_INFOPLIST_FILE = YES;
				INFOPLIST_FILE = PRISM/Info.plist;
				LD_RUNPATH_SEARCH_PATHS = (
					"$(inherited)",
					"@executable_path/../Frameworks",
					"@loader_path/../Frameworks",
				);
				MTL_HEADER_SEARCH_PATHS = "$(SRCROOT)/PRISMKernels";
				PRODUCT_BUNDLE_IDENTIFIER = horse.prism.PRISMTests;
				SDKROOT = macosx;
				SWIFT_OBJC_BRIDGING_HEADER = "PRISM/PRISM-Bridging-Header.h";
			};
			name = Debug;
		};
		68C59AA845CBBB21146F8954 /* Debug */ = {
			isa = XCBuildConfiguration;
			buildSettings = {
				CLANG_ENABLE_OBJC_ARC = NO;
				CODE_SIGN_STYLE = Automatic;
				COMBINE_HIDPI_IMAGES = YES;
				DEVELOPMENT_TEAM = 744ZKK233L;
				ENABLE_HARDENED_RUNTIME = YES;
				HEADER_SEARCH_PATHS = "$(SRCROOT)/PRISMShared";
				INFOPLIST_FILE = PRISMAudioPlugIn/Info.plist;
				LD_RUNPATH_SEARCH_PATHS = (
					"$(inherited)",
					"@executable_path/../Frameworks",
				);
				PRODUCT_BUNDLE_IDENTIFIER = horse.prism.PRISM.audio;
				PRODUCT_NAME = PRISM;
				SDKROOT = macosx;
				WRAPPER_EXTENSION = driver;
			};
			name = Debug;
		};
		6D60A57EECB8FB3ECEB73986 /* Release */ = {
			isa = XCBuildConfiguration;
			buildSettings = {
				ASSETCATALOG_COMPILER_APPICON_NAME = AppIcon;
				CODE_SIGN_ENTITLEMENTS = PRISM/PRISM.entitlements;
				CODE_SIGN_STYLE = Automatic;
				COMBINE_HIDPI_IMAGES = YES;
				DEVELOPMENT_TEAM = 744ZKK233L;
				ENABLE_HARDENED_RUNTIME = YES;
				INFOPLIST_FILE = PRISM/Info.plist;
				LD_RUNPATH_SEARCH_PATHS = (
					"$(inherited)",
					"@executable_path/../Frameworks",
				);
				MTL_HEADER_SEARCH_PATHS = "$(SRCROOT)/PRISMKernels";
				MTL_LANGUAGE_REVISION = Metal30;
				PRODUCT_BUNDLE_IDENTIFIER = horse.prism.PRISM;
				SDKROOT = macosx;
				SWIFT_OBJC_BRIDGING_HEADER = "PRISM/PRISM-Bridging-Header.h";
			};
			name = Release;
		};
		70A055A81E50AE21A86FAF99 /* Release */ = {
			isa = XCBuildConfiguration;
			buildSettings = {
				CODE_SIGN_ENTITLEMENTS = PRISMCameraExtension/PRISMCameraExtension.entitlements;
				CODE_SIGN_STYLE = Automatic;
				COMBINE_HIDPI_IMAGES = YES;
				DEVELOPMENT_TEAM = 744ZKK233L;
				ENABLE_HARDENED_RUNTIME = YES;
				INFOPLIST_FILE = PRISMCameraExtension/Info.plist;
				LD_RUNPATH_SEARCH_PATHS = (
					"$(inherited)",
					"@executable_path/../Frameworks",
				);
				PRODUCT_BUNDLE_IDENTIFIER = horse.prism.PRISM.camera;
				PRODUCT_NAME = horse.prism.PRISM.camera;
				SDKROOT = macosx;
			};
			name = Release;
		};
		84F530EB732C2EFD27C4C04A /* Debug */ = {
			isa = XCBuildConfiguration;
			buildSettings = {
				ALWAYS_SEARCH_USER_PATHS = NO;
				CLANG_ANALYZER_NONNULL = YES;
				CLANG_ANALYZER_NUMBER_OBJECT_CONVERSION = YES_AGGRESSIVE;
				CLANG_CXX_LANGUAGE_STANDARD = "gnu++14";
				CLANG_CXX_LIBRARY = "libc++";
				CLANG_ENABLE_MODULES = YES;
				CLANG_ENABLE_OBJC_ARC = YES;
				CLANG_ENABLE_OBJC_WEAK = YES;
				CLANG_WARN_BLOCK_CAPTURE_AUTORELEASING = YES;
				CLANG_WARN_BOOL_CONVERSION = YES;
				CLANG_WARN_COMMA = YES;
				CLANG_WARN_CONSTANT_CONVERSION = YES;
				CLANG_WARN_DEPRECATED_OBJC_IMPLEMENTATIONS = YES;
				CLANG_WARN_DIRECT_OBJC_ISA_USAGE = YES_ERROR;
				CLANG_WARN_DOCUMENTATION_COMMENTS = YES;
				CLANG_WARN_EMPTY_BODY = YES;
				CLANG_WARN_ENUM_CONVERSION = YES;
				CLANG_WARN_INFINITE_RECURSION = YES;
				CLANG_WARN_INT_CONVERSION = YES;
				CLANG_WARN_NON_LITERAL_NULL_CONVERSION = YES;
				CLANG_WARN_OBJC_IMPLICIT_RETAIN_SELF = YES;
				CLANG_WARN_OBJC_LITERAL_CONVERSION = YES;
				CLANG_WARN_OBJC_ROOT_CLASS = YES_ERROR;
				CLANG_WARN_QUOTED_INCLUDE_IN_FRAMEWORK_HEADER = YES;
				CLANG_WARN_RANGE_LOOP_ANALYSIS = YES;
				CLANG_WARN_STRICT_PROTOTYPES = YES;
				CLANG_WARN_SUSPICIOUS_MOVE = YES;
				CLANG_WARN_UNGUARDED_AVAILABILITY = YES_AGGRESSIVE;
				CLANG_WARN_UNREACHABLE_CODE = YES;
				CLANG_WARN__DUPLICATE_METHOD_MATCH = YES;
				COPY_PHASE_STRIP = NO;
				CURRENT_PROJECT_VERSION = 1;
				DEAD_CODE_STRIPPING = YES;
				DEBUG_INFORMATION_FORMAT = dwarf;
				ENABLE_STRICT_OBJC_MSGSEND = YES;
				ENABLE_TESTABILITY = YES;
				GCC_C_LANGUAGE_STANDARD = gnu11;
				GCC_DYNAMIC_NO_PIC = NO;
				GCC_NO_COMMON_BLOCKS = YES;
				GCC_OPTIMIZATION_LEVEL = 0;
				GCC_PREPROCESSOR_DEFINITIONS = (
					"$(inherited)",
					"DEBUG=1",
				);
				GCC_WARN_64_TO_32_BIT_CONVERSION = YES;
				GCC_WARN_ABOUT_RETURN_TYPE = YES_ERROR;
				GCC_WARN_UNDECLARED_SELECTOR = YES;
				GCC_WARN_UNINITIALIZED_AUTOS = YES_AGGRESSIVE;
				GCC_WARN_UNUSED_FUNCTION = YES;
				GCC_WARN_UNUSED_VARIABLE = YES;
				GENERATE_INFOPLIST_FILE = NO;
				MACOSX_DEPLOYMENT_TARGET = 13.0;
				MARKETING_VERSION = 1.0;
				MTL_ENABLE_DEBUG_INFO = INCLUDE_SOURCE;
				MTL_FAST_MATH = YES;
				ONLY_ACTIVE_ARCH = YES;
				PRODUCT_NAME = "$(TARGET_NAME)";
				SDKROOT = macosx;
				SWIFT_ACTIVE_COMPILATION_CONDITIONS = DEBUG;
				SWIFT_OPTIMIZATION_LEVEL = "-Onone";
				SWIFT_VERSION = 5.9;
			};
			name = Debug;
		};
		866D8298107D56DCC8EDE17F /* Debug */ = {
			isa = XCBuildConfiguration;
			buildSettings = {
				CODE_SIGN_ENTITLEMENTS = PRISMCameraExtension/PRISMCameraExtension.entitlements;
				CODE_SIGN_STYLE = Automatic;
				COMBINE_HIDPI_IMAGES = YES;
				DEVELOPMENT_TEAM = 744ZKK233L;
				ENABLE_HARDENED_RUNTIME = YES;
				INFOPLIST_FILE = PRISMCameraExtension/Info.plist;
				LD_RUNPATH_SEARCH_PATHS = (
					"$(inherited)",
					"@executable_path/../Frameworks",
				);
				PRODUCT_BUNDLE_IDENTIFIER = horse.prism.PRISM.camera;
				PRODUCT_NAME = horse.prism.PRISM.camera;
				SDKROOT = macosx;
			};
			name = Debug;
		};
		B86A163623CDBC8ACA7A49D2 /* Release */ = {
			isa = XCBuildConfiguration;
			buildSettings = {
				BUNDLE_LOADER = "$(TEST_HOST)";
				CODE_SIGNING_REQUIRED = NO;
				CODE_SIGN_IDENTITY = "-";
				CODE_SIGN_STYLE = Manual;
				COMBINE_HIDPI_IMAGES = YES;
				ENABLE_HARDENED_RUNTIME = NO;
				GENERATE_INFOPLIST_FILE = YES;
				INFOPLIST_FILE = PRISM/Info.plist;
				LD_RUNPATH_SEARCH_PATHS = (
					"$(inherited)",
					"@executable_path/../Frameworks",
					"@loader_path/../Frameworks",
				);
				MTL_HEADER_SEARCH_PATHS = "$(SRCROOT)/PRISMKernels";
				PRODUCT_BUNDLE_IDENTIFIER = horse.prism.PRISMTests;
				SDKROOT = macosx;
				SWIFT_OBJC_BRIDGING_HEADER = "PRISM/PRISM-Bridging-Header.h";
			};
			name = Release;
		};
		D232A308ADC96A62CC36D8E0 /* Debug */ = {
			isa = XCBuildConfiguration;
			buildSettings = {
				ASSETCATALOG_COMPILER_APPICON_NAME = AppIcon;
				CODE_SIGN_ENTITLEMENTS = PRISM/PRISM.entitlements;
				CODE_SIGN_STYLE = Automatic;
				COMBINE_HIDPI_IMAGES = YES;
				DEVELOPMENT_TEAM = 744ZKK233L;
				ENABLE_HARDENED_RUNTIME = YES;
				INFOPLIST_FILE = PRISM/Info.plist;
				LD_RUNPATH_SEARCH_PATHS = (
					"$(inherited)",
					"@executable_path/../Frameworks",
				);
				MTL_HEADER_SEARCH_PATHS = "$(SRCROOT)/PRISMKernels";
				MTL_LANGUAGE_REVISION = Metal30;
				PRODUCT_BUNDLE_IDENTIFIER = horse.prism.PRISM;
				SDKROOT = macosx;
				SWIFT_OBJC_BRIDGING_HEADER = "PRISM/PRISM-Bridging-Header.h";
			};
			name = Debug;
		};
/* End XCBuildConfiguration section */

/* Begin XCConfigurationList section */
		3ABDCBA64B3D79D14A8A3720 /* Build configuration list for PBXNativeTarget "PRISMCameraExtension" */ = {
			isa = XCConfigurationList;
			buildConfigurations = (
				866D8298107D56DCC8EDE17F /* Debug */,
				70A055A81E50AE21A86FAF99 /* Release */,
			);
			defaultConfigurationIsVisible = 0;
			defaultConfigurationName = Debug;
		};
		660E752AD41D933E50E782DE /* Build configuration list for PBXNativeTarget "PRISMTests" */ = {
			isa = XCConfigurationList;
			buildConfigurations = (
				4B1A62661E657D42F7DD5D10 /* Debug */,
				B86A163623CDBC8ACA7A49D2 /* Release */,
			);
			defaultConfigurationIsVisible = 0;
			defaultConfigurationName = Debug;
		};
		81BC70D49DA35C9EB78F5847 /* Build configuration list for PBXNativeTarget "PRISM" */ = {
			isa = XCConfigurationList;
			buildConfigurations = (
				D232A308ADC96A62CC36D8E0 /* Debug */,
				6D60A57EECB8FB3ECEB73986 /* Release */,
			);
			defaultConfigurationIsVisible = 0;
			defaultConfigurationName = Debug;
		};
		A61EFB41ADB1595E9427E653 /* Build configuration list for PBXNativeTarget "PRISMAudioPlugIn" */ = {
			isa = XCConfigurationList;
			buildConfigurations = (
				68C59AA845CBBB21146F8954 /* Debug */,
				2706ED25B9F387C74D0FFA5E /* Release */,
			);
			defaultConfigurationIsVisible = 0;
			defaultConfigurationName = Debug;
		};
		F24101CEB1B906D95F30D585 /* Build configuration list for PBXProject "PRISM" */ = {
			isa = XCConfigurationList;
			buildConfigurations = (
				84F530EB732C2EFD27C4C04A /* Debug */,
				114E3D1446BCE1CF1A16DC79 /* Release */,
			);
			defaultConfigurationIsVisible = 0;
			defaultConfigurationName = Debug;
		};
/* End XCConfigurationList section */
	};
	rootObject = 9437BA67D8E1EE3458871BC8 /* Project object */;
}
